// !$*UTF8*$!
{
	archiveVersion = 1;
	classes = {
	};
	objectVersion = 46;
	objects = {

/* Begin PBXBuildFile section */
		C9DF0B961920721E00184EB9 /* Foundation.framework in Frameworks */ = {isa = PBXBuildFile; fileRef = C9DF0B951920721E00184EB9 /* Foundation.framework */; };
		C9DF0B981920721E00184EB9 /* CoreGraphics.framework in Frameworks */ = {isa = PBXBuildFile; fileRef = C9DF0B971920721E00184EB9 /* CoreGraphics.framework */; };
		C9DF0B9A1920721E00184EB9 /* UIKit.framework in Frameworks */ = {isa = PBXBuildFile; fileRef = C9DF0B991920721E00184EB9 /* UIKit.framework */; };
		C9DF0BA01920721E00184EB9 /* InfoPlist.strings in Resources */ = {isa = PBXBuildFile; fileRef = C9DF0B9E1920721E00184EB9 /* InfoPlist.strings */; };
		C9DF0BA21920721E00184EB9 /* main.m in Sources */ = {isa = PBXBuildFile; fileRef = C9DF0BA11920721E00184EB9 /* main.m */; };
		C9DF0BA61920721E00184EB9 /* AppDelegate.m in Sources */ = {isa = PBXBuildFile; fileRef = C9DF0BA51920721E00184EB9 /* AppDelegate.m */; };
		C9DF0BA91920721E00184EB9 /* Main.storyboard in Resources */ = {isa = PBXBuildFile; fileRef = C9DF0BA71920721E00184EB9 /* Main.storyboard */; };
		C9DF0BAE1920721E00184EB9 /* Images.xcassets in Resources */ = {isa = PBXBuildFile; fileRef = C9DF0BAD1920721E00184EB9 /* Images.xcassets */; };
		C9DF0BB51920721E00184EB9 /* XCTest.framework in Frameworks */ = {isa = PBXBuildFile; fileRef = C9DF0BB41920721E00184EB9 /* XCTest.framework */; };
		C9DF0BB61920721E00184EB9 /* Foundation.framework in Frameworks */ = {isa = PBXBuildFile; fileRef = C9DF0B951920721E00184EB9 /* Foundation.framework */; };
		C9DF0BB71920721E00184EB9 /* UIKit.framework in Frameworks */ = {isa = PBXBuildFile; fileRef = C9DF0B991920721E00184EB9 /* UIKit.framework */; };
		C9DF0BBF1920721E00184EB9 /* InfoPlist.strings in Resources */ = {isa = PBXBuildFile; fileRef = C9DF0BBD1920721E00184EB9 /* InfoPlist.strings */; };
		C9DF0BC11920721E00184EB9 /* Tutorial___Table_ViewTests.m in Sources */ = {isa = PBXBuildFile; fileRef = C9DF0BC01920721E00184EB9 /* Tutorial___Table_ViewTests.m */; };
		C9DF0BCC192072A300184EB9 /* MainTableViewController.m in Sources */ = {isa = PBXBuildFile; fileRef = C9DF0BCB192072A300184EB9 /* MainTableViewController.m */; };
		C9DF0BCF1920752100184EB9 /* StudentModel.m in Sources */ = {isa = PBXBuildFile; fileRef = C9DF0BCE1920752100184EB9 /* StudentModel.m */; };
		C9DF0BD2192079F100184EB9 /* DetailViewController.m in Sources */ = {isa = PBXBuildFile; fileRef = C9DF0BD1192079F100184EB9 /* DetailViewController.m */; };
		C9DF0BD51920839E00184EB9 /* EditViewController.m in Sources */ = {isa = PBXBuildFile; fileRef = C9DF0BD41920839E00184EB9 /* EditViewController.m */; };
/* End PBXBuildFile section */

/* Begin PBXContainerItemProxy section */
		C9DF0BB81920721E00184EB9 /* PBXContainerItemProxy */ = {
			isa = PBXContainerItemProxy;
			containerPortal = C9DF0B8A1920721E00184EB9 /* Project object */;
			proxyType = 1;
			remoteGlobalIDString = C9DF0B911920721E00184EB9;
			remoteInfo = "Tutorial - Table View";
		};
/* End PBXContainerItemProxy section */

/* Begin PBXFileReference section */
		C9DF0B921920721E00184EB9 /* Tutorial - Table View.app */ = {isa = PBXFileReference; explicitFileType = wrapper.application; includeInIndex = 0; path = "Tutorial - Table View.app"; sourceTree = BUILT_PRODUCTS_DIR; };
		C9DF0B951920721E00184EB9 /* Foundation.framework */ = {isa = PBXFileReference; lastKnownFileType = wrapper.framework; name = Foundation.framework; path = System/Library/Frameworks/Foundation.framework; sourceTree = SDKROOT; };
		C9DF0B971920721E00184EB9 /* CoreGraphics.framework */ = {isa = PBXFileReference; lastKnownFileType = wrapper.framework; name = CoreGraphics.framework; path = System/Library/Frameworks/CoreGraphics.framework; sourceTree = SDKROOT; };
		C9DF0B991920721E00184EB9 /* UIKit.framework */ = {isa = PBXFileReference; lastKnownFileType = wrapper.framework; name = UIKit.framework; path = System/Library/Frameworks/UIKit.framework; sourceTree = SDKROOT; };
		C9DF0B9D1920721E00184EB9 /* Tutorial - Table View-Info.plist */ = {isa = PBXFileReference; lastKnownFileType = text.plist.xml; path = "Tutorial - Table View-Info.plist"; sourceTree = "<group>"; };
		C9DF0B9F1920721E00184EB9 /* en */ = {isa = PBXFileReference; lastKnownFileType = text.plist.strings; name = en; path = en.lproj/InfoPlist.strings; sourceTree = "<group>"; };
		C9DF0BA11920721E00184EB9 /* main.m */ = {isa = PBXFileReference; lastKnownFileType = sourcecode.c.objc; path = main.m; sourceTree = "<group>"; };
		C9DF0BA31920721E00184EB9 /* Tutorial - Table View-Prefix.pch */ = {isa = PBXFileReference; lastKnownFileType = sourcecode.c.h; path = "Tutorial - Table View-Prefix.pch"; sourceTree = "<group>"; };
		C9DF0BA41920721E00184EB9 /* AppDelegate.h */ = {isa = PBXFileReference; lastKnownFileType = sourcecode.c.h; path = AppDelegate.h; sourceTree = "<group>"; };
		C9DF0BA51920721E00184EB9 /* AppDelegate.m */ = {isa = PBXFileReference; lastKnownFileType = sourcecode.c.objc; path = AppDelegate.m; sourceTree = "<group>"; };
		C9DF0BA81920721E00184EB9 /* Base */ = {isa = PBXFileReference; lastKnownFileType = file.storyboard; name = Base; path = Base.lproj/Main.storyboard; sourceTree = "<group>"; };
		C9DF0BAD1920721E00184EB9 /* Images.xcassets */ = {isa = PBXFileReference; lastKnownFileType = folder.assetcatalog; path = Images.xcassets; sourceTree = "<group>"; };
		C9DF0BB31920721E00184EB9 /* Tutorial - Table ViewTests.xctest */ = {isa = PBXFileReference; explicitFileType = wrapper.cfbundle; includeInIndex = 0; path = "Tutorial - Table ViewTests.xctest"; sourceTree = BUILT_PRODUCTS_DIR; };
		C9DF0BB41920721E00184EB9 /* XCTest.framework */ = {isa = PBXFileReference; lastKnownFileType = wrapper.framework; name = XCTest.framework; path = Library/Frameworks/XCTest.framework; sourceTree = DEVELOPER_DIR; };
		C9DF0BBC1920721E00184EB9 /* Tutorial - Table ViewTests-Info.plist */ = {isa = PBXFileReference; lastKnownFileType = text.plist.xml; path = "Tutorial - Table ViewTests-Info.plist"; sourceTree = "<group>"; };
		C9DF0BBE1920721E00184EB9 /* en */ = {isa = PBXFileReference; lastKnownFileType = text.plist.strings; name = en; path = en.lproj/InfoPlist.strings; sourceTree = "<group>"; };
		C9DF0BC01920721E00184EB9 /* Tutorial___Table_ViewTests.m */ = {isa = PBXFileReference; lastKnownFileType = sourcecode.c.objc; path = "Tutorial___Table_ViewTests.m"; sourceTree = "<group>"; };
		C9DF0BCA192072A300184EB9 /* MainTableViewController.h */ = {isa = PBXFileReference; fileEncoding = 4; lastKnownFileType = sourcecode.c.h; path = MainTableViewController.h; sourceTree = "<group>"; };
		C9DF0BCB192072A300184EB9 /* MainTableViewController.m */ = {isa = PBXFileReference; fileEncoding = 4; lastKnownFileType = sourcecode.c.objc; path = MainTableViewController.m; sourceTree = "<group>"; };
		C9DF0BCD1920752100184EB9 /* StudentModel.h */ = {isa = PBXFileReference; fileEncoding = 4; lastKnownFileType = sourcecode.c.h; path = StudentModel.h; sourceTree = "<group>"; };
		C9DF0BCE1920752100184EB9 /* StudentModel.m */ = {isa = PBXFileReference; fileEncoding = 4; lastKnownFileType = sourcecode.c.objc; path = StudentModel.m; sourceTree = "<group>"; };
		C9DF0BD0192079F100184EB9 /* DetailViewController.h */ = {isa = PBXFileReference; fileEncoding = 4; lastKnownFileType = sourcecode.c.h; path = DetailViewController.h; sourceTree = "<group>"; };
		C9DF0BD1192079F100184EB9 /* DetailViewController.m */ = {isa = PBXFileReference; fileEncoding = 4; lastKnownFileType = sourcecode.c.objc; path = DetailViewController.m; sourceTree = "<group>"; };
		C9DF0BD31920839E00184EB9 /* EditViewController.h */ = {isa = PBXFileReference; fileEncoding = 4; lastKnownFileType = sourcecode.c.h; path = EditViewController.h; sourceTree = "<group>"; };
		C9DF0BD41920839E00184EB9 /* EditViewController.m */ = {isa = PBXFileReference; fileEncoding = 4; lastKnownFileType = sourcecode.c.objc; path = EditViewController.m; sourceTree = "<group>"; };
/* End PBXFileReference section */

/* Begin PBXFrameworksBuildPhase section */
		C9DF0B8F1920721E00184EB9 /* Frameworks */ = {
			isa = PBXFrameworksBuildPhase;
			buildActionMask = 2147483647;
			files = (
				C9DF0B981920721E00184EB9 /* CoreGraphics.framework in Frameworks */,
				C9DF0B9A1920721E00184EB9 /* UIKit.framework in Frameworks */,
				C9DF0B961920721E00184EB9 /* Foundation.framework in Frameworks */,
			);
			runOnlyForDeploymentPostprocessing = 0;
		};
		C9DF0BB01920721E00184EB9 /* Frameworks */ = {
			isa = PBXFrameworksBuildPhase;
			buildActionMask = 2147483647;
			files = (
				C9DF0BB51920721E00184EB9 /* XCTest.framework in Frameworks */,
				C9DF0BB71920721E00184EB9 /* UIKit.framework in Frameworks */,
				C9DF0BB61920721E00184EB9 /* Foundation.framework in Frameworks */,
			);
			runOnlyForDeploymentPostprocessing = 0;
		};
/* End PBXFrameworksBuildPhase section */

/* Begin PBXGroup section */
		C9DF0B891920721E00184EB9 = {
			isa = PBXGroup;
			children = (
				C9DF0B9B1920721E00184EB9 /* Tutorial - Table View */,
				C9DF0BBA1920721E00184EB9 /* Tutorial - Table ViewTests */,
				C9DF0B941920721E00184EB9 /* Frameworks */,
				C9DF0B931920721E00184EB9 /* Products */,
			);
			sourceTree = "<group>";
		};
		C9DF0B931920721E00184EB9 /* Products */ = {
			isa = PBXGroup;
			children = (
				C9DF0B921920721E00184EB9 /* Tutorial - Table View.app */,
				C9DF0BB31920721E00184EB9 /* Tutorial - Table ViewTests.xctest */,
			);
			name = Products;
			sourceTree = "<group>";
		};
		C9DF0B941920721E00184EB9 /* Frameworks */ = {
			isa = PBXGroup;
			children = (
				C9DF0B951920721E00184EB9 /* Foundation.framework */,
				C9DF0B971920721E00184EB9 /* CoreGraphics.framework */,
				C9DF0B991920721E00184EB9 /* UIKit.framework */,
				C9DF0BB41920721E00184EB9 /* XCTest.framework */,
			);
			name = Frameworks;
			sourceTree = "<group>";
		};
		C9DF0B9B1920721E00184EB9 /* Tutorial - Table View */ = {
			isa = PBXGroup;
			children = (
				C9DF0BA41920721E00184EB9 /* AppDelegate.h */,
				C9DF0BA51920721E00184EB9 /* AppDelegate.m */,
				C9DF0BA71920721E00184EB9 /* Main.storyboard */,
				C9DF0BAD1920721E00184EB9 /* Images.xcassets */,
				C9DF0B9C1920721E00184EB9 /* Supporting Files */,
				C9DF0BCA192072A300184EB9 /* MainTableViewController.h */,
				C9DF0BCB192072A300184EB9 /* MainTableViewController.m */,
				C9DF0BCD1920752100184EB9 /* StudentModel.h */,
				C9DF0BCE1920752100184EB9 /* StudentModel.m */,
				C9DF0BD0192079F100184EB9 /* DetailViewController.h */,
				C9DF0BD1192079F100184EB9 /* DetailViewController.m */,
				C9DF0BD31920839E00184EB9 /* EditViewController.h */,
				C9DF0BD41920839E00184EB9 /* EditViewController.m */,
			);
			path = "Tutorial - Table View";
			sourceTree = "<group>";
		};
		C9DF0B9C1920721E00184EB9 /* Supporting Files */ = {
			isa = PBXGroup;
			children = (
				C9DF0B9D1920721E00184EB9 /* Tutorial - Table View-Info.plist */,
				C9DF0B9E1920721E00184EB9 /* InfoPlist.strings */,
				C9DF0BA11920721E00184EB9 /* main.m */,
				C9DF0BA31920721E00184EB9 /* Tutorial - Table View-Prefix.pch */,
			);
			name = "Supporting Files";
			sourceTree = "<group>";
		};
		C9DF0BBA1920721E00184EB9 /* Tutorial - Table ViewTests */ = {
			isa = PBXGroup;
			children = (
				C9DF0BC01920721E00184EB9 /* Tutorial___Table_ViewTests.m */,
				C9DF0BBB1920721E00184EB9 /* Supporting Files */,
			);
			path = "Tutorial - Table ViewTests";
			sourceTree = "<group>";
		};
		C9DF0BBB1920721E00184EB9 /* Supporting Files */ = {
			isa = PBXGroup;
			children = (
				C9DF0BBC1920721E00184EB9 /* Tutorial - Table ViewTests-Info.plist */,
				C9DF0BBD1920721E00184EB9 /* InfoPlist.strings */,
			);
			name = "Supporting Files";
			sourceTree = "<group>";
		};
/* End PBXGroup section */

/* Begin PBXNativeTarget section */
		C9DF0B911920721E00184EB9 /* Tutorial - Table View */ = {
			isa = PBXNativeTarget;
			buildConfigurationList = C9DF0BC41920721E00184EB9 /* Build configuration list for PBXNativeTarget "Tutorial - Table View" */;
			buildPhases = (
				C9DF0B8E1920721E00184EB9 /* Sources */,
				C9DF0B8F1920721E00184EB9 /* Frameworks */,
				C9DF0B901920721E00184EB9 /* Resources */,
			);
			buildRules = (
			);
			dependencies = (
			);
			name = "Tutorial - Table View";
			productName = "Tutorial - Table View";
			productReference = C9DF0B921920721E00184EB9 /* Tutorial - Table View.app */;
			productType = "com.apple.product-type.application";
		};
		C9DF0BB21920721E00184EB9 /* Tutorial - Table ViewTests */ = {
			isa = PBXNativeTarget;
			buildConfigurationList = C9DF0BC71920721E00184EB9 /* Build configuration list for PBXNativeTarget "Tutorial - Table ViewTests" */;
			buildPhases = (
				C9DF0BAF1920721E00184EB9 /* Sources */,
				C9DF0BB01920721E00184EB9 /* Frameworks */,
				C9DF0BB11920721E00184EB9 /* Resources */,
			);
			buildRules = (
			);
			dependencies = (
				C9DF0BB91920721E00184EB9 /* PBXTargetDependency */,
			);
			name = "Tutorial - Table ViewTests";
			productName = "Tutorial - Table ViewTests";
			productReference = C9DF0BB31920721E00184EB9 /* Tutorial - Table ViewTests.xctest */;
			productType = "com.apple.product-type.bundle.unit-test";
		};
/* End PBXNativeTarget section */

/* Begin PBXProject section */
		C9DF0B8A1920721E00184EB9 /* Project object */ = {
			isa = PBXProject;
			attributes = {
				LastUpgradeCheck = 0510;
				ORGANIZATIONNAME = "Logiciel Solutions";
				TargetAttributes = {
					C9DF0BB21920721E00184EB9 = {
						TestTargetID = C9DF0B911920721E00184EB9;
					};
				};
			};
			buildConfigurationList = C9DF0B8D1920721E00184EB9 /* Build configuration list for PBXProject "Tutorial - Table View" */;
			compatibilityVersion = "Xcode 3.2";
			developmentRegion = English;
			hasScannedForEncodings = 0;
			knownRegions = (
				en,
				Base,
			);
			mainGroup = C9DF0B891920721E00184EB9;
			productRefGroup = C9DF0B931920721E00184EB9 /* Products */;
			projectDirPath = "";
			projectRoot = "";
			targets = (
				C9DF0B911920721E00184EB9 /* Tutorial - Table View */,
				C9DF0BB21920721E00184EB9 /* Tutorial - Table ViewTests */,
			);
		};
/* End PBXProject section */

/* Begin PBXResourcesBuildPhase section */
		C9DF0B901920721E00184EB9 /* Resources */ = {
			isa = PBXResourcesBuildPhase;
			buildActionMask = 2147483647;
			files = (
				C9DF0BAE1920721E00184EB9 /* Images.xcassets in Resources */,
				C9DF0BA01920721E00184EB9 /* InfoPlist.strings in Resources */,
				C9DF0BA91920721E00184EB9 /* Main.storyboard in Resources */,
			);
			runOnlyForDeploymentPostprocessing = 0;
		};
		C9DF0BB11920721E00184EB9 /* Resources */ = {
			isa = PBXResourcesBuildPhase;
			buildActionMask = 2147483647;
			files = (
				C9DF0BBF1920721E00184EB9 /* InfoPlist.strings in Resources */,
			);
			runOnlyForDeploymentPostprocessing = 0;
		};
/* End PBXResourcesBuildPhase section */

/* Begin PBXSourcesBuildPhase section */
		C9DF0B8E1920721E00184EB9 /* Sources */ = {
			isa = PBXSourcesBuildPhase;
			buildActionMask = 2147483647;
			files = (
				C9DF0BD2192079F100184EB9 /* DetailViewController.m in Sources */,
				C9DF0BA61920721E00184EB9 /* AppDelegate.m in Sources */,
				C9DF0BCF1920752100184EB9 /* StudentModel.m in Sources */,
				C9DF0BA21920721E00184EB9 /* main.m in Sources */,
				C9DF0BD51920839E00184EB9 /* EditViewController.m in Sources */,
				C9DF0BCC192072A300184EB9 /* MainTableViewController.m in Sources */,
			);
			runOnlyForDeploymentPostprocessing = 0;
		};
		C9DF0BAF1920721E00184EB9 /* Sources */ = {
			isa = PBXSourcesBuildPhase;
			buildActionMask = 2147483647;
			files = (
				C9DF0BC11920721E00184EB9 /* Tutorial___Table_ViewTests.m in Sources */,
			);
			runOnlyForDeploymentPostprocessing = 0;
		};
/* End PBXSourcesBuildPhase section */

/* Begin PBXTargetDependency section */
		C9DF0BB91920721E00184EB9 /* PBXTargetDependency */ = {
			isa = PBXTargetDependency;
			target = C9DF0B911920721E00184EB9 /* Tutorial - Table View */;
			targetProxy = C9DF0BB81920721E00184EB9 /* PBXContainerItemProxy */;
		};
/* End PBXTargetDependency section */

/* Begin PBXVariantGroup section */
		C9DF0B9E1920721E00184EB9 /* InfoPlist.strings */ = {
			isa = PBXVariantGroup;
			children = (
				C9DF0B9F1920721E00184EB9 /* en */,
			);
			name = InfoPlist.strings;
			sourceTree = "<group>";
		};
		C9DF0BA71920721E00184EB9 /* Main.storyboard */ = {
			isa = PBXVariantGroup;
			children = (
				C9DF0BA81920721E00184EB9 /* Base */,
			);
			name = Main.storyboard;
			sourceTree = "<group>";
		};
		C9DF0BBD1920721E00184EB9 /* InfoPlist.strings */ = {
			isa = PBXVariantGroup;
			children = (
				C9DF0BBE1920721E00184EB9 /* en */,
			);
			name = InfoPlist.strings;
			sourceTree = "<group>";
		};
/* End PBXVariantGroup section */

/* Begin XCBuildConfiguration section */
		C9DF0BC21920721E00184EB9 /* Debug */ = {
			isa = XCBuildConfiguration;
			buildSettings = {
				ALWAYS_SEARCH_USER_PATHS = NO;
				CLANG_CXX_LANGUAGE_STANDARD = "gnu++0x";
				CLANG_CXX_LIBRARY = "libc++";
				CLANG_ENABLE_MODULES = YES;
				CLANG_ENABLE_OBJC_ARC = YES;
				CLANG_WARN_BOOL_CONVERSION = YES;
				CLANG_WARN_CONSTANT_CONVERSION = YES;
				CLANG_WARN_DIRECT_OBJC_ISA_USAGE = YES_ERROR;
				CLANG_WARN_EMPTY_BODY = YES;
				CLANG_WARN_ENUM_CONVERSION = YES;
				CLANG_WARN_INT_CONVERSION = YES;
				CLANG_WARN_OBJC_ROOT_CLASS = YES_ERROR;
				CLANG_WARN__DUPLICATE_METHOD_MATCH = YES;
				"CODE_SIGN_IDENTITY[sdk=iphoneos*]" = "iPhone Developer";
				COPY_PHASE_STRIP = NO;
				GCC_C_LANGUAGE_STANDARD = gnu99;
				GCC_DYNAMIC_NO_PIC = NO;
				GCC_OPTIMIZATION_LEVEL = 0;
				GCC_PREPROCESSOR_DEFINITIONS = (
					"DEBUG=1",
					"$(inherited)",
				);
				GCC_SYMBOLS_PRIVATE_EXTERN = NO;
				GCC_WARN_64_TO_32_BIT_CONVERSION = YES;
				GCC_WARN_ABOUT_RETURN_TYPE = YES_ERROR;
				GCC_WARN_UNDECLARED_SELECTOR = YES;
				GCC_WARN_UNINITIALIZED_AUTOS = YES_AGGRESSIVE;
				GCC_WARN_UNUSED_FUNCTION = YES;
				GCC_WARN_UNUSED_VARIABLE = YES;
				IPHONEOS_DEPLOYMENT_TARGET = 7.1;
				ONLY_ACTIVE_ARCH = YES;
				SDKROOT = iphoneos;
			};
			name = Debug;
		};
		C9DF0BC31920721E00184EB9 /* Release */ = {
			isa = XCBuildConfiguration;
			buildSettings = {
				ALWAYS_SEARCH_USER_PATHS = NO;
				CLANG_CXX_LANGUAGE_STANDARD = "gnu++0x";
				CLANG_CXX_LIBRARY = "libc++";
				CLANG_ENABLE_MODULES = YES;
				CLANG_ENABLE_OBJC_ARC = YES;
				CLANG_WARN_BOOL_CONVERSION = YES;
				CLANG_WARN_CONSTANT_CONVERSION = YES;
				CLANG_WARN_DIRECT_OBJC_ISA_USAGE = YES_ERROR;
				CLANG_WARN_EMPTY_BODY = YES;
				CLANG_WARN_ENUM_CONVERSION = YES;
				CLANG_WARN_INT_CONVERSION = YES;
				CLANG_WARN_OBJC_ROOT_CLASS = YES_ERROR;
				CLANG_WARN__DUPLICATE_METHOD_MATCH = YES;
				"CODE_SIGN_IDENTITY[sdk=iphoneos*]" = "iPhone Developer";
				COPY_PHASE_STRIP = YES;
				ENABLE_NS_ASSERTIONS = NO;
				GCC_C_LANGUAGE_STANDARD = gnu99;
				GCC_WARN_64_TO_32_BIT_CONVERSION = YES;
				GCC_WARN_ABOUT_RETURN_TYPE = YES_ERROR;
				GCC_WARN_UNDECLARED_SELECTOR = YES;
				GCC_WARN_UNINITIALIZED_AUTOS = YES_AGGRESSIVE;
				GCC_WARN_UNUSED_FUNCTION = YES;
				GCC_WARN_UNUSED_VARIABLE = YES;
				IPHONEOS_DEPLOYMENT_TARGET = 7.1;
				SDKROOT = iphoneos;
				VALIDATE_PRODUCT = YES;
			};
			name = Release;
		};
		C9DF0BC51920721E00184EB9 /* Debug */ = {
			isa = XCBuildConfiguration;
			buildSettings = {
				ASSETCATALOG_COMPILER_APPICON_NAME = AppIcon;
				ASSETCATALOG_COMPILER_LAUNCHIMAGE_NAME = LaunchImage;
				GCC_PRECOMPILE_PREFIX_HEADER = YES;
				GCC_PREFIX_HEADER = "Tutorial - Table View/Tutorial - Table View-Prefix.pch";
				INFOPLIST_FILE = "Tutorial - Table View/Tutorial - Table View-Info.plist";
				PRODUCT_NAME = "$(TARGET_NAME)";
				WRAPPER_EXTENSION = app;
			};
			name = Debug;
		};
		C9DF0BC61920721E00184EB9 /* Release */ = {
			isa = XCBuildConfiguration;
			buildSettings = {
				ASSETCATALOG_COMPILER_APPICON_NAME = AppIcon;
				ASSETCATALOG_COMPILER_LAUNCHIMAGE_NAME = LaunchImage;
				GCC_PRECOMPILE_PREFIX_HEADER = YES;
				GCC_PREFIX_HEADER = "Tutorial - Table View/Tutorial - Table View-Prefix.pch";
				INFOPLIST_FILE = "Tutorial - Table View/Tutorial - Table View-Info.plist";
				PRODUCT_NAME = "$(TARGET_NAME)";
				WRAPPER_EXTENSION = app;
			};
			name = Release;
		};
		C9DF0BC81920721E00184EB9 /* Debug */ = {
			isa = XCBuildConfiguration;
			buildSettings = {
				BUNDLE_LOADER = "$(BUILT_PRODUCTS_DIR)/Tutorial - Table View.app/Tutorial - Table View";
				FRAMEWORK_SEARCH_PATHS = (
					"$(SDKROOT)/Developer/Library/Frameworks",
					"$(inherited)",
					"$(DEVELOPER_FRAMEWORKS_DIR)",
				);
				GCC_PRECOMPILE_PREFIX_HEADER = YES;
				GCC_PREFIX_HEADER = "Tutorial - Table View/Tutorial - Table View-Prefix.pch";
				GCC_PREPROCESSOR_DEFINITIONS = (
					"DEBUG=1",
					"$(inherited)",
				);
				INFOPLIST_FILE = "Tutorial - Table ViewTests/Tutorial - Table ViewTests-Info.plist";
				PRODUCT_NAME = "$(TARGET_NAME)";
				TEST_HOST = "$(BUNDLE_LOADER)";
				WRAPPER_EXTENSION = xctest;
			};
			name = Debug;
		};
		C9DF0BC91920721E00184EB9 /* Release */ = {
			isa = XCBuildConfiguration;
			buildSettings = {
				BUNDLE_LOADER = "$(BUILT_PRODUCTS_DIR)/Tutorial - Table View.app/Tutorial - Table View";
				FRAMEWORK_SEARCH_PATHS = (
					"$(SDKROOT)/Developer/Library/Frameworks",
					"$(inherited)",
					"$(DEVELOPER_FRAMEWORKS_DIR)",
				);
				GCC_PRECOMPILE_PREFIX_HEADER = YES;
				GCC_PREFIX_HEADER = "Tutorial - Table View/Tutorial - Table View-Prefix.pch";
				INFOPLIST_FILE = "Tutorial - Table ViewTests/Tutorial - Table ViewTests-Info.plist";
				PRODUCT_NAME = "$(TARGET_NAME)";
				TEST_HOST = "$(BUNDLE_LOADER)";
				WRAPPER_EXTENSION = xctest;
			};
			name = Release;
		};
/* End XCBuildConfiguration section */

/* Begin XCConfigurationList section */
		C9DF0B8D1920721E00184EB9 /* Build configuration list for PBXProject "Tutorial - Table View" */ = {
			isa = XCConfigurationList;
			buildConfigurations = (
				C9DF0BC21920721E00184EB9 /* Debug */,
				C9DF0BC31920721E00184EB9 /* Release */,
			);
			defaultConfigurationIsVisible = 0;
			defaultConfigurationName = Release;
		};
		C9DF0BC41920721E00184EB9 /* Build configuration list for PBXNativeTarget "Tutorial - Table View" */ = {
			isa = XCConfigurationList;
			buildConfigurations = (
				C9DF0BC51920721E00184EB9 /* Debug */,
				C9DF0BC61920721E00184EB9 /* Release */,
			);
			defaultConfigurationIsVisible = 0;
		};
		C9DF0BC71920721E00184EB9 /* Build configuration list for PBXNativeTarget "Tutorial - Table ViewTests" */ = {
			isa = XCConfigurationList;
			buildConfigurations = (
				C9DF0BC81920721E00184EB9 /* Debug */,
				C9DF0BC91920721E00184EB9 /* Release */,
			);
			defaultConfigurationIsVisible = 0;
		};
/* End XCConfigurationList section */
	};
	rootObject = C9DF0B8A1920721E00184EB9 /* Project object */;
}
