// !$*UTF8*$!
{
	archiveVersion = 1;
	classes = {
	};
	objectVersion = 46;
	objects = {

/* Begin PBXBuildFile section */
		C9E12E46192B084B00755CEF /* Foundation.framework in Frameworks */ = {isa = PBXBuildFile; fileRef = C9E12E45192B084B00755CEF /* Foundation.framework */; };
		C9E12E48192B084B00755CEF /* CoreGraphics.framework in Frameworks */ = {isa = PBXBuildFile; fileRef = C9E12E47192B084B00755CEF /* CoreGraphics.framework */; };
		C9E12E4A192B084B00755CEF /* UIKit.framework in Frameworks */ = {isa = PBXBuildFile; fileRef = C9E12E49192B084B00755CEF /* UIKit.framework */; };
		C9E12E50192B084B00755CEF /* InfoPlist.strings in Resources */ = {isa = PBXBuildFile; fileRef = C9E12E4E192B084B00755CEF /* InfoPlist.strings */; };
		C9E12E52192B084B00755CEF /* main.m in Sources */ = {isa = PBXBuildFile; fileRef = C9E12E51192B084B00755CEF /* main.m */; };
		C9E12E56192B084B00755CEF /* AppDelegate.m in Sources */ = {isa = PBXBuildFile; fileRef = C9E12E55192B084B00755CEF /* AppDelegate.m */; };
		C9E12E59192B084B00755CEF /* Main.storyboard in Resources */ = {isa = PBXBuildFile; fileRef = C9E12E57192B084B00755CEF /* Main.storyboard */; };
		C9E12E5C192B084B00755CEF /* ViewController.m in Sources */ = {isa = PBXBuildFile; fileRef = C9E12E5B192B084B00755CEF /* ViewController.m */; };
		C9E12E5E192B084B00755CEF /* Images.xcassets in Resources */ = {isa = PBXBuildFile; fileRef = C9E12E5D192B084B00755CEF /* Images.xcassets */; };
		C9E12E65192B084B00755CEF /* XCTest.framework in Frameworks */ = {isa = PBXBuildFile; fileRef = C9E12E64192B084B00755CEF /* XCTest.framework */; };
		C9E12E66192B084B00755CEF /* Foundation.framework in Frameworks */ = {isa = PBXBuildFile; fileRef = C9E12E45192B084B00755CEF /* Foundation.framework */; };
		C9E12E67192B084B00755CEF /* UIKit.framework in Frameworks */ = {isa = PBXBuildFile; fileRef = C9E12E49192B084B00755CEF /* UIKit.framework */; };
		C9E12E6F192B084B00755CEF /* InfoPlist.strings in Resources */ = {isa = PBXBuildFile; fileRef = C9E12E6D192B084B00755CEF /* InfoPlist.strings */; };
		C9E12E71192B084B00755CEF /* Tutorial___ContactsTests.m in Sources */ = {isa = PBXBuildFile; fileRef = C9E12E70192B084B00755CEF /* Tutorial___ContactsTests.m */; };
/* End PBXBuildFile section */

/* Begin PBXContainerItemProxy section */
		C9E12E68192B084B00755CEF /* PBXContainerItemProxy */ = {
			isa = PBXContainerItemProxy;
			containerPortal = C9E12E3A192B084A00755CEF /* Project object */;
			proxyType = 1;
			remoteGlobalIDString = C9E12E41192B084B00755CEF;
			remoteInfo = "Tutorial - Contacts";
		};
/* End PBXContainerItemProxy section */

/* Begin PBXFileReference section */
		C9E12E42192B084B00755CEF /* Tutorial - Contacts.app */ = {isa = PBXFileReference; explicitFileType = wrapper.application; includeInIndex = 0; path = "Tutorial - Contacts.app"; sourceTree = BUILT_PRODUCTS_DIR; };
		C9E12E45192B084B00755CEF /* Foundation.framework */ = {isa = PBXFileReference; lastKnownFileType = wrapper.framework; name = Foundation.framework; path = System/Library/Frameworks/Foundation.framework; sourceTree = SDKROOT; };
		C9E12E47192B084B00755CEF /* CoreGraphics.framework */ = {isa = PBXFileReference; lastKnownFileType = wrapper.framework; name = CoreGraphics.framework; path = System/Library/Frameworks/CoreGraphics.framework; sourceTree = SDKROOT; };
		C9E12E49192B084B00755CEF /* UIKit.framework */ = {isa = PBXFileReference; lastKnownFileType = wrapper.framework; name = UIKit.framework; path = System/Library/Frameworks/UIKit.framework; sourceTree = SDKROOT; };
		C9E12E4D192B084B00755CEF /* Tutorial - Contacts-Info.plist */ = {isa = PBXFileReference; lastKnownFileType = text.plist.xml; path = "Tutorial - Contacts-Info.plist"; sourceTree = "<group>"; };
		C9E12E4F192B084B00755CEF /* en */ = {isa = PBXFileReference; lastKnownFileType = text.plist.strings; name = en; path = en.lproj/InfoPlist.strings; sourceTree = "<group>"; };
		C9E12E51192B084B00755CEF /* main.m */ = {isa = PBXFileReference; lastKnownFileType = sourcecode.c.objc; path = main.m; sourceTree = "<group>"; };
		C9E12E53192B084B00755CEF /* Tutorial - Contacts-Prefix.pch */ = {isa = PBXFileReference; lastKnownFileType = sourcecode.c.h; path = "Tutorial - Contacts-Prefix.pch"; sourceTree = "<group>"; };
		C9E12E54192B084B00755CEF /* AppDelegate.h */ = {isa = PBXFileReference; lastKnownFileType = sourcecode.c.h; path = AppDelegate.h; sourceTree = "<group>"; };
		C9E12E55192B084B00755CEF /* AppDelegate.m */ = {isa = PBXFileReference; lastKnownFileType = sourcecode.c.objc; path = AppDelegate.m; sourceTree = "<group>"; };
		C9E12E58192B084B00755CEF /* Base */ = {isa = PBXFileReference; lastKnownFileType = file.storyboard; name = Base; path = Base.lproj/Main.storyboard; sourceTree = "<group>"; };
		C9E12E5A192B084B00755CEF /* ViewController.h */ = {isa = PBXFileReference; lastKnownFileType = sourcecode.c.h; path = ViewController.h; sourceTree = "<group>"; };
		C9E12E5B192B084B00755CEF /* ViewController.m */ = {isa = PBXFileReference; lastKnownFileType = sourcecode.c.objc; path = ViewController.m; sourceTree = "<group>"; };
		C9E12E5D192B084B00755CEF /* Images.xcassets */ = {isa = PBXFileReference; lastKnownFileType = folder.assetcatalog; path = Images.xcassets; sourceTree = "<group>"; };
		C9E12E63192B084B00755CEF /* Tutorial - ContactsTests.xctest */ = {isa = PBXFileReference; explicitFileType = wrapper.cfbundle; includeInIndex = 0; path = "Tutorial - ContactsTests.xctest"; sourceTree = BUILT_PRODUCTS_DIR; };
		C9E12E64192B084B00755CEF /* XCTest.framework */ = {isa = PBXFileReference; lastKnownFileType = wrapper.framework; name = XCTest.framework; path = Library/Frameworks/XCTest.framework; sourceTree = DEVELOPER_DIR; };
		C9E12E6C192B084B00755CEF /* Tutorial - ContactsTests-Info.plist */ = {isa = PBXFileReference; lastKnownFileType = text.plist.xml; path = "Tutorial - ContactsTests-Info.plist"; sourceTree = "<group>"; };
		C9E12E6E192B084B00755CEF /* en */ = {isa = PBXFileReference; lastKnownFileType = text.plist.strings; name = en; path = en.lproj/InfoPlist.strings; sourceTree = "<group>"; };
		C9E12E70192B084B00755CEF /* Tutorial___ContactsTests.m */ = {isa = PBXFileReference; lastKnownFileType = sourcecode.c.objc; path = "Tutorial___ContactsTests.m"; sourceTree = "<group>"; };
/* End PBXFileReference section */

/* Begin PBXFrameworksBuildPhase section */
		C9E12E3F192B084B00755CEF /* Frameworks */ = {
			isa = PBXFrameworksBuildPhase;
			buildActionMask = 2147483647;
			files = (
				C9E12E48192B084B00755CEF /* CoreGraphics.framework in Frameworks */,
				C9E12E4A192B084B00755CEF /* UIKit.framework in Frameworks */,
				C9E12E46192B084B00755CEF /* Foundation.framework in Frameworks */,
			);
			runOnlyForDeploymentPostprocessing = 0;
		};
		C9E12E60192B084B00755CEF /* Frameworks */ = {
			isa = PBXFrameworksBuildPhase;
			buildActionMask = 2147483647;
			files = (
				C9E12E65192B084B00755CEF /* XCTest.framework in Frameworks */,
				C9E12E67192B084B00755CEF /* UIKit.framework in Frameworks */,
				C9E12E66192B084B00755CEF /* Foundation.framework in Frameworks */,
			);
			runOnlyForDeploymentPostprocessing = 0;
		};
/* End PBXFrameworksBuildPhase section */

/* Begin PBXGroup section */
		C9E12E39192B084A00755CEF = {
			isa = PBXGroup;
			children = (
				C9E12E4B192B084B00755CEF /* Tutorial - Contacts */,
				C9E12E6A192B084B00755CEF /* Tutorial - ContactsTests */,
				C9E12E44192B084B00755CEF /* Frameworks */,
				C9E12E43192B084B00755CEF /* Products */,
			);
			sourceTree = "<group>";
		};
		C9E12E43192B084B00755CEF /* Products */ = {
			isa = PBXGroup;
			children = (
				C9E12E42192B084B00755CEF /* Tutorial - Contacts.app */,
				C9E12E63192B084B00755CEF /* Tutorial - ContactsTests.xctest */,
			);
			name = Products;
			sourceTree = "<group>";
		};
		C9E12E44192B084B00755CEF /* Frameworks */ = {
			isa = PBXGroup;
			children = (
				C9E12E45192B084B00755CEF /* Foundation.framework */,
				C9E12E47192B084B00755CEF /* CoreGraphics.framework */,
				C9E12E49192B084B00755CEF /* UIKit.framework */,
				C9E12E64192B084B00755CEF /* XCTest.framework */,
			);
			name = Frameworks;
			sourceTree = "<group>";
		};
		C9E12E4B192B084B00755CEF /* Tutorial - Contacts */ = {
			isa = PBXGroup;
			children = (
				C9E12E54192B084B00755CEF /* AppDelegate.h */,
				C9E12E55192B084B00755CEF /* AppDelegate.m */,
				C9E12E57192B084B00755CEF /* Main.storyboard */,
				C9E12E5A192B084B00755CEF /* ViewController.h */,
				C9E12E5B192B084B00755CEF /* ViewController.m */,
				C9E12E5D192B084B00755CEF /* Images.xcassets */,
				C9E12E4C192B084B00755CEF /* Supporting Files */,
			);
			path = "Tutorial - Contacts";
			sourceTree = "<group>";
		};
		C9E12E4C192B084B00755CEF /* Supporting Files */ = {
			isa = PBXGroup;
			children = (
				C9E12E4D192B084B00755CEF /* Tutorial - Contacts-Info.plist */,
				C9E12E4E192B084B00755CEF /* InfoPlist.strings */,
				C9E12E51192B084B00755CEF /* main.m */,
				C9E12E53192B084B00755CEF /* Tutorial - Contacts-Prefix.pch */,
			);
			name = "Supporting Files";
			sourceTree = "<group>";
		};
		C9E12E6A192B084B00755CEF /* Tutorial - ContactsTests */ = {
			isa = PBXGroup;
			children = (
				C9E12E70192B084B00755CEF /* Tutorial___ContactsTests.m */,
				C9E12E6B192B084B00755CEF /* Supporting Files */,
			);
			path = "Tutorial - ContactsTests";
			sourceTree = "<group>";
		};
		C9E12E6B192B084B00755CEF /* Supporting Files */ = {
			isa = PBXGroup;
			children = (
				C9E12E6C192B084B00755CEF /* Tutorial - ContactsTests-Info.plist */,
				C9E12E6D192B084B00755CEF /* InfoPlist.strings */,
			);
			name = "Supporting Files";
			sourceTree = "<group>";
		};
/* End PBXGroup section */

/* Begin PBXNativeTarget section */
		C9E12E41192B084B00755CEF /* Tutorial - Contacts */ = {
			isa = PBXNativeTarget;
			buildConfigurationList = C9E12E74192B084B00755CEF /* Build configuration list for PBXNativeTarget "Tutorial - Contacts" */;
			buildPhases = (
				C9E12E3E192B084B00755CEF /* Sources */,
				C9E12E3F192B084B00755CEF /* Frameworks */,
				C9E12E40192B084B00755CEF /* Resources */,
			);
			buildRules = (
			);
			dependencies = (
			);
			name = "Tutorial - Contacts";
			productName = "Tutorial - Contacts";
			productReference = C9E12E42192B084B00755CEF /* Tutorial - Contacts.app */;
			productType = "com.apple.product-type.application";
		};
		C9E12E62192B084B00755CEF /* Tutorial - ContactsTests */ = {
			isa = PBXNativeTarget;
			buildConfigurationList = C9E12E77192B084B00755CEF /* Build configuration list for PBXNativeTarget "Tutorial - ContactsTests" */;
			buildPhases = (
				C9E12E5F192B084B00755CEF /* Sources */,
				C9E12E60192B084B00755CEF /* Frameworks */,
				C9E12E61192B084B00755CEF /* Resources */,
			);
			buildRules = (
			);
			dependencies = (
				C9E12E69192B084B00755CEF /* PBXTargetDependency */,
			);
			name = "Tutorial - ContactsTests";
			productName = "Tutorial - ContactsTests";
			productReference = C9E12E63192B084B00755CEF /* Tutorial - ContactsTests.xctest */;
			productType = "com.apple.product-type.bundle.unit-test";
		};
/* End PBXNativeTarget section */

/* Begin PBXProject section */
		C9E12E3A192B084A00755CEF /* Project object */ = {
			isa = PBXProject;
			attributes = {
				LastUpgradeCheck = 0510;
				ORGANIZATIONNAME = "Logiciel Solutions";
				TargetAttributes = {
					C9E12E62192B084B00755CEF = {
						TestTargetID = C9E12E41192B084B00755CEF;
					};
				};
			};
			buildConfigurationList = C9E12E3D192B084A00755CEF /* Build configuration list for PBXProject "Tutorial - Contacts" */;
			compatibilityVersion = "Xcode 3.2";
			developmentRegion = English;
			hasScannedForEncodings = 0;
			knownRegions = (
				en,
				Base,
			);
			mainGroup = C9E12E39192B084A00755CEF;
			productRefGroup = C9E12E43192B084B00755CEF /* Products */;
			projectDirPath = "";
			projectRoot = "";
			targets = (
				C9E12E41192B084B00755CEF /* Tutorial - Contacts */,
				C9E12E62192B084B00755CEF /* Tutorial - ContactsTests */,
			);
		};
/* End PBXProject section */

/* Begin PBXResourcesBuildPhase section */
		C9E12E40192B084B00755CEF /* Resources */ = {
			isa = PBXResourcesBuildPhase;
			buildActionMask = 2147483647;
			files = (
				C9E12E5E192B084B00755CEF /* Images.xcassets in Resources */,
				C9E12E50192B084B00755CEF /* InfoPlist.strings in Resources */,
				C9E12E59192B084B00755CEF /* Main.storyboard in Resources */,
			);
			runOnlyForDeploymentPostprocessing = 0;
		};
		C9E12E61192B084B00755CEF /* Resources */ = {
			isa = PBXResourcesBuildPhase;
			buildActionMask = 2147483647;
			files = (
				C9E12E6F192B084B00755CEF /* InfoPlist.strings in Resources */,
			);
			runOnlyForDeploymentPostprocessing = 0;
		};
/* End PBXResourcesBuildPhase section */

/* Begin PBXSourcesBuildPhase section */
		C9E12E3E192B084B00755CEF /* Sources */ = {
			isa = PBXSourcesBuildPhase;
			buildActionMask = 2147483647;
			files = (
				C9E12E5C192B084B00755CEF /* ViewController.m in Sources */,
				C9E12E56192B084B00755CEF /* AppDelegate.m in Sources */,
				C9E12E52192B084B00755CEF /* main.m in Sources */,
			);
			runOnlyForDeploymentPostprocessing = 0;
		};
		C9E12E5F192B084B00755CEF /* Sources */ = {
			isa = PBXSourcesBuildPhase;
			buildActionMask = 2147483647;
			files = (
				C9E12E71192B084B00755CEF /* Tutorial___ContactsTests.m in Sources */,
			);
			runOnlyForDeploymentPostprocessing = 0;
		};
/* End PBXSourcesBuildPhase section */

/* Begin PBXTargetDependency section */
		C9E12E69192B084B00755CEF /* PBXTargetDependency */ = {
			isa = PBXTargetDependency;
			target = C9E12E41192B084B00755CEF /* Tutorial - Contacts */;
			targetProxy = C9E12E68192B084B00755CEF /* PBXContainerItemProxy */;
		};
/* End PBXTargetDependency section */

/* Begin PBXVariantGroup section */
		C9E12E4E192B084B00755CEF /* InfoPlist.strings */ = {
			isa = PBXVariantGroup;
			children = (
				C9E12E4F192B084B00755CEF /* en */,
			);
			name = InfoPlist.strings;
			sourceTree = "<group>";
		};
		C9E12E57192B084B00755CEF /* Main.storyboard */ = {
			isa = PBXVariantGroup;
			children = (
				C9E12E58192B084B00755CEF /* Base */,
			);
			name = Main.storyboard;
			sourceTree = "<group>";
		};
		C9E12E6D192B084B00755CEF /* InfoPlist.strings */ = {
			isa = PBXVariantGroup;
			children = (
				C9E12E6E192B084B00755CEF /* en */,
			);
			name = InfoPlist.strings;
			sourceTree = "<group>";
		};
/* End PBXVariantGroup section */

/* Begin XCBuildConfiguration section */
		C9E12E72192B084B00755CEF /* Debug */ = {
			isa = XCBuildConfiguration;
			buildSettings = {
				ALWAYS_SEARCH_USER_PATHS = NO;
				CLANG_CXX_LANGUAGE_STANDARD = "gnu++0x";
				CLANG_CXX_LIBRARY = "libc++";
				CLANG_ENABLE_MODULES = YES;
				CLANG_ENABLE_OBJC_ARC = YES;
				CLANG_WARN_BOOL_CONVERSION = YES;
				CLANG_WARN_CONSTANT_CONVERSION = YES;
				CLANG_WARN_DIRECT_OBJC_ISA_USAGE = YES_ERROR;
				CLANG_WARN_EMPTY_BODY = YES;
				CLANG_WARN_ENUM_CONVERSION = YES;
				CLANG_WARN_INT_CONVERSION = YES;
				CLANG_WARN_OBJC_ROOT_CLASS = YES_ERROR;
				CLANG_WARN__DUPLICATE_METHOD_MATCH = YES;
				"CODE_SIGN_IDENTITY[sdk=iphoneos*]" = "iPhone Developer";
				COPY_PHASE_STRIP = NO;
				GCC_C_LANGUAGE_STANDARD = gnu99;
				GCC_DYNAMIC_NO_PIC = NO;
				GCC_OPTIMIZATION_LEVEL = 0;
				GCC_PREPROCESSOR_DEFINITIONS = (
					"DEBUG=1",
					"$(inherited)",
				);
				GCC_SYMBOLS_PRIVATE_EXTERN = NO;
				GCC_WARN_64_TO_32_BIT_CONVERSION = YES;
				GCC_WARN_ABOUT_RETURN_TYPE = YES_ERROR;
				GCC_WARN_UNDECLARED_SELECTOR = YES;
				GCC_WARN_UNINITIALIZED_AUTOS = YES_AGGRESSIVE;
				GCC_WARN_UNUSED_FUNCTION = YES;
				GCC_WARN_UNUSED_VARIABLE = YES;
				IPHONEOS_DEPLOYMENT_TARGET = 7.1;
				ONLY_ACTIVE_ARCH = YES;
				SDKROOT = iphoneos;
			};
			name = Debug;
		};
		C9E12E73192B084B00755CEF /* Release */ = {
			isa = XCBuildConfiguration;
			buildSettings = {
				ALWAYS_SEARCH_USER_PATHS = NO;
				CLANG_CXX_LANGUAGE_STANDARD = "gnu++0x";
				CLANG_CXX_LIBRARY = "libc++";
				CLANG_ENABLE_MODULES = YES;
				CLANG_ENABLE_OBJC_ARC = YES;
				CLANG_WARN_BOOL_CONVERSION = YES;
				CLANG_WARN_CONSTANT_CONVERSION = YES;
				CLANG_WARN_DIRECT_OBJC_ISA_USAGE = YES_ERROR;
				CLANG_WARN_EMPTY_BODY = YES;
				CLANG_WARN_ENUM_CONVERSION = YES;
				CLANG_WARN_INT_CONVERSION = YES;
				CLANG_WARN_OBJC_ROOT_CLASS = YES_ERROR;
				CLANG_WARN__DUPLICATE_METHOD_MATCH = YES;
				"CODE_SIGN_IDENTITY[sdk=iphoneos*]" = "iPhone Developer";
				COPY_PHASE_STRIP = YES;
				ENABLE_NS_ASSERTIONS = NO;
				GCC_C_LANGUAGE_STANDARD = gnu99;
				GCC_WARN_64_TO_32_BIT_CONVERSION = YES;
				GCC_WARN_ABOUT_RETURN_TYPE = YES_ERROR;
				GCC_WARN_UNDECLARED_SELECTOR = YES;
				GCC_WARN_UNINITIALIZED_AUTOS = YES_AGGRESSIVE;
				GCC_WARN_UNUSED_FUNCTION = YES;
				GCC_WARN_UNUSED_VARIABLE = YES;
				IPHONEOS_DEPLOYMENT_TARGET = 7.1;
				SDKROOT = iphoneos;
				VALIDATE_PRODUCT = YES;
			};
			name = Release;
		};
		C9E12E75192B084B00755CEF /* Debug */ = {
			isa = XCBuildConfiguration;
			buildSettings = {
				ASSETCATALOG_COMPILER_APPICON_NAME = AppIcon;
				ASSETCATALOG_COMPILER_LAUNCHIMAGE_NAME = LaunchImage;
				GCC_PRECOMPILE_PREFIX_HEADER = YES;
				GCC_PREFIX_HEADER = "Tutorial - Contacts/Tutorial - Contacts-Prefix.pch";
				INFOPLIST_FILE = "Tutorial - Contacts/Tutorial - Contacts-Info.plist";
				PRODUCT_NAME = "$(TARGET_NAME)";
				WRAPPER_EXTENSION = app;
			};
			name = Debug;
		};
		C9E12E76192B084B00755CEF /* Release */ = {
			isa = XCBuildConfiguration;
			buildSettings = {
				ASSETCATALOG_COMPILER_APPICON_NAME = AppIcon;
				ASSETCATALOG_COMPILER_LAUNCHIMAGE_NAME = LaunchImage;
				GCC_PRECOMPILE_PREFIX_HEADER = YES;
				GCC_PREFIX_HEADER = "Tutorial - Contacts/Tutorial - Contacts-Prefix.pch";
				INFOPLIST_FILE = "Tutorial - Contacts/Tutorial - Contacts-Info.plist";
				PRODUCT_NAME = "$(TARGET_NAME)";
				WRAPPER_EXTENSION = app;
			};
			name = Release;
		};
		C9E12E78192B084B00755CEF /* Debug */ = {
			isa = XCBuildConfiguration;
			buildSettings = {
				BUNDLE_LOADER = "$(BUILT_PRODUCTS_DIR)/Tutorial - Contacts.app/Tutorial - Contacts";
				FRAMEWORK_SEARCH_PATHS = (
					"$(SDKROOT)/Developer/Library/Frameworks",
					"$(inherited)",
					"$(DEVELOPER_FRAMEWORKS_DIR)",
				);
				GCC_PRECOMPILE_PREFIX_HEADER = YES;
				GCC_PREFIX_HEADER = "Tutorial - Contacts/Tutorial - Contacts-Prefix.pch";
				GCC_PREPROCESSOR_DEFINITIONS = (
					"DEBUG=1",
					"$(inherited)",
				);
				INFOPLIST_FILE = "Tutorial - ContactsTests/Tutorial - ContactsTests-Info.plist";
				PRODUCT_NAME = "$(TARGET_NAME)";
				TEST_HOST = "$(BUNDLE_LOADER)";
				WRAPPER_EXTENSION = xctest;
			};
			name = Debug;
		};
		C9E12E79192B084B00755CEF /* Release */ = {
			isa = XCBuildConfiguration;
			buildSettings = {
				BUNDLE_LOADER = "$(BUILT_PRODUCTS_DIR)/Tutorial - Contacts.app/Tutorial - Contacts";
				FRAMEWORK_SEARCH_PATHS = (
					"$(SDKROOT)/Developer/Library/Frameworks",
					"$(inherited)",
					"$(DEVELOPER_FRAMEWORKS_DIR)",
				);
				GCC_PRECOMPILE_PREFIX_HEADER = YES;
				GCC_PREFIX_HEADER = "Tutorial - Contacts/Tutorial - Contacts-Prefix.pch";
				INFOPLIST_FILE = "Tutorial - ContactsTests/Tutorial - ContactsTests-Info.plist";
				PRODUCT_NAME = "$(TARGET_NAME)";
				TEST_HOST = "$(BUNDLE_LOADER)";
				WRAPPER_EXTENSION = xctest;
			};
			name = Release;
		};
/* End XCBuildConfiguration section */

/* Begin XCConfigurationList section */
		C9E12E3D192B084A00755CEF /* Build configuration list for PBXProject "Tutorial - Contacts" */ = {
			isa = XCConfigurationList;
			buildConfigurations = (
				C9E12E72192B084B00755CEF /* Debug */,
				C9E12E73192B084B00755CEF /* Release */,
			);
			defaultConfigurationIsVisible = 0;
			defaultConfigurationName = Release;
		};
		C9E12E74192B084B00755CEF /* Build configuration list for PBXNativeTarget "Tutorial - Contacts" */ = {
			isa = XCConfigurationList;
			buildConfigurations = (
				C9E12E75192B084B00755CEF /* Debug */,
				C9E12E76192B084B00755CEF /* Release */,
			);
			defaultConfigurationIsVisible = 0;
		};
		C9E12E77192B084B00755CEF /* Build configuration list for PBXNativeTarget "Tutorial - ContactsTests" */ = {
			isa = XCConfigurationList;
			buildConfigurations = (
				C9E12E78192B084B00755CEF /* Debug */,
				C9E12E79192B084B00755CEF /* Release */,
			);
			defaultConfigurationIsVisible = 0;
		};
/* End XCConfigurationList section */
	};
	rootObject = C9E12E3A192B084A00755CEF /* Project object */;
}
