// !$*UTF8*$!
{
	archiveVersion = 1;
	classes = {
	};
	objectVersion = 46;
	objects = {

/* Begin PBXBuildFile section */
		C9F9670F192DAE1700404788 /* Foundation.framework in Frameworks */ = {isa = PBXBuildFile; fileRef = C9F9670E192DAE1700404788 /* Foundation.framework */; };
		C9F96711192DAE1700404788 /* CoreGraphics.framework in Frameworks */ = {isa = PBXBuildFile; fileRef = C9F96710192DAE1700404788 /* CoreGraphics.framework */; };
		C9F96713192DAE1700404788 /* UIKit.framework in Frameworks */ = {isa = PBXBuildFile; fileRef = C9F96712192DAE1700404788 /* UIKit.framework */; };
		C9F96719192DAE1700404788 /* InfoPlist.strings in Resources */ = {isa = PBXBuildFile; fileRef = C9F96717192DAE1700404788 /* InfoPlist.strings */; };
		C9F9671B192DAE1700404788 /* main.m in Sources */ = {isa = PBXBuildFile; fileRef = C9F9671A192DAE1700404788 /* main.m */; };
		C9F9671F192DAE1700404788 /* AppDelegate.m in Sources */ = {isa = PBXBuildFile; fileRef = C9F9671E192DAE1700404788 /* AppDelegate.m */; };
		C9F96722192DAE1700404788 /* Main.storyboard in Resources */ = {isa = PBXBuildFile; fileRef = C9F96720192DAE1700404788 /* Main.storyboard */; };
		C9F96725192DAE1700404788 /* MasterViewController.m in Sources */ = {isa = PBXBuildFile; fileRef = C9F96724192DAE1700404788 /* MasterViewController.m */; };
		C9F96728192DAE1700404788 /* DetailViewController.m in Sources */ = {isa = PBXBuildFile; fileRef = C9F96727192DAE1700404788 /* DetailViewController.m */; };
		C9F9672A192DAE1700404788 /* Images.xcassets in Resources */ = {isa = PBXBuildFile; fileRef = C9F96729192DAE1700404788 /* Images.xcassets */; };
		C9F96731192DAE1700404788 /* XCTest.framework in Frameworks */ = {isa = PBXBuildFile; fileRef = C9F96730192DAE1700404788 /* XCTest.framework */; };
		C9F96732192DAE1700404788 /* Foundation.framework in Frameworks */ = {isa = PBXBuildFile; fileRef = C9F9670E192DAE1700404788 /* Foundation.framework */; };
		C9F96733192DAE1700404788 /* UIKit.framework in Frameworks */ = {isa = PBXBuildFile; fileRef = C9F96712192DAE1700404788 /* UIKit.framework */; };
		C9F9673B192DAE1700404788 /* InfoPlist.strings in Resources */ = {isa = PBXBuildFile; fileRef = C9F96739192DAE1700404788 /* InfoPlist.strings */; };
		C9F9673D192DAE1700404788 /* Tutorial___UITests.m in Sources */ = {isa = PBXBuildFile; fileRef = C9F9673C192DAE1700404788 /* Tutorial___UITests.m */; };
/* End PBXBuildFile section */

/* Begin PBXContainerItemProxy section */
		C9F96734192DAE1700404788 /* PBXContainerItemProxy */ = {
			isa = PBXContainerItemProxy;
			containerPortal = C9F96703192DAE1700404788 /* Project object */;
			proxyType = 1;
			remoteGlobalIDString = C9F9670A192DAE1700404788;
			remoteInfo = "Tutorial - UI";
		};
/* End PBXContainerItemProxy section */

/* Begin PBXFileReference section */
		C9F9670B192DAE1700404788 /* Tutorial - UI.app */ = {isa = PBXFileReference; explicitFileType = wrapper.application; includeInIndex = 0; path = "Tutorial - UI.app"; sourceTree = BUILT_PRODUCTS_DIR; };
		C9F9670E192DAE1700404788 /* Foundation.framework */ = {isa = PBXFileReference; lastKnownFileType = wrapper.framework; name = Foundation.framework; path = System/Library/Frameworks/Foundation.framework; sourceTree = SDKROOT; };
		C9F96710192DAE1700404788 /* CoreGraphics.framework */ = {isa = PBXFileReference; lastKnownFileType = wrapper.framework; name = CoreGraphics.framework; path = System/Library/Frameworks/CoreGraphics.framework; sourceTree = SDKROOT; };
		C9F96712192DAE1700404788 /* UIKit.framework */ = {isa = PBXFileReference; lastKnownFileType = wrapper.framework; name = UIKit.framework; path = System/Library/Frameworks/UIKit.framework; sourceTree = SDKROOT; };
		C9F96716192DAE1700404788 /* Tutorial - UI-Info.plist */ = {isa = PBXFileReference; lastKnownFileType = text.plist.xml; path = "Tutorial - UI-Info.plist"; sourceTree = "<group>"; };
		C9F96718192DAE1700404788 /* en */ = {isa = PBXFileReference; lastKnownFileType = text.plist.strings; name = en; path = en.lproj/InfoPlist.strings; sourceTree = "<group>"; };
		C9F9671A192DAE1700404788 /* main.m */ = {isa = PBXFileReference; lastKnownFileType = sourcecode.c.objc; path = main.m; sourceTree = "<group>"; };
		C9F9671C192DAE1700404788 /* Tutorial - UI-Prefix.pch */ = {isa = PBXFileReference; lastKnownFileType = sourcecode.c.h; path = "Tutorial - UI-Prefix.pch"; sourceTree = "<group>"; };
		C9F9671D192DAE1700404788 /* AppDelegate.h */ = {isa = PBXFileReference; lastKnownFileType = sourcecode.c.h; path = AppDelegate.h; sourceTree = "<group>"; };
		C9F9671E192DAE1700404788 /* AppDelegate.m */ = {isa = PBXFileReference; lastKnownFileType = sourcecode.c.objc; path = AppDelegate.m; sourceTree = "<group>"; };
		C9F96721192DAE1700404788 /* Base */ = {isa = PBXFileReference; lastKnownFileType = file.storyboard; name = Base; path = Base.lproj/Main.storyboard; sourceTree = "<group>"; };
		C9F96723192DAE1700404788 /* MasterViewController.h */ = {isa = PBXFileReference; lastKnownFileType = sourcecode.c.h; path = MasterViewController.h; sourceTree = "<group>"; };
		C9F96724192DAE1700404788 /* MasterViewController.m */ = {isa = PBXFileReference; lastKnownFileType = sourcecode.c.objc; path = MasterViewController.m; sourceTree = "<group>"; };
		C9F96726192DAE1700404788 /* DetailViewController.h */ = {isa = PBXFileReference; lastKnownFileType = sourcecode.c.h; path = DetailViewController.h; sourceTree = "<group>"; };
		C9F96727192DAE1700404788 /* DetailViewController.m */ = {isa = PBXFileReference; lastKnownFileType = sourcecode.c.objc; path = DetailViewController.m; sourceTree = "<group>"; };
		C9F96729192DAE1700404788 /* Images.xcassets */ = {isa = PBXFileReference; lastKnownFileType = folder.assetcatalog; path = Images.xcassets; sourceTree = "<group>"; };
		C9F9672F192DAE1700404788 /* Tutorial - UITests.xctest */ = {isa = PBXFileReference; explicitFileType = wrapper.cfbundle; includeInIndex = 0; path = "Tutorial - UITests.xctest"; sourceTree = BUILT_PRODUCTS_DIR; };
		C9F96730192DAE1700404788 /* XCTest.framework */ = {isa = PBXFileReference; lastKnownFileType = wrapper.framework; name = XCTest.framework; path = Library/Frameworks/XCTest.framework; sourceTree = DEVELOPER_DIR; };
		C9F96738192DAE1700404788 /* Tutorial - UITests-Info.plist */ = {isa = PBXFileReference; lastKnownFileType = text.plist.xml; path = "Tutorial - UITests-Info.plist"; sourceTree = "<group>"; };
		C9F9673A192DAE1700404788 /* en */ = {isa = PBXFileReference; lastKnownFileType = text.plist.strings; name = en; path = en.lproj/InfoPlist.strings; sourceTree = "<group>"; };
		C9F9673C192DAE1700404788 /* Tutorial___UITests.m */ = {isa = PBXFileReference; lastKnownFileType = sourcecode.c.objc; path = "Tutorial___UITests.m"; sourceTree = "<group>"; };
/* End PBXFileReference section */

/* Begin PBXFrameworksBuildPhase section */
		C9F96708192DAE1700404788 /* Frameworks */ = {
			isa = PBXFrameworksBuildPhase;
			buildActionMask = 2147483647;
			files = (
				C9F96711192DAE1700404788 /* CoreGraphics.framework in Frameworks */,
				C9F96713192DAE1700404788 /* UIKit.framework in Frameworks */,
				C9F9670F192DAE1700404788 /* Foundation.framework in Frameworks */,
			);
			runOnlyForDeploymentPostprocessing = 0;
		};
		C9F9672C192DAE1700404788 /* Frameworks */ = {
			isa = PBXFrameworksBuildPhase;
			buildActionMask = 2147483647;
			files = (
				C9F96731192DAE1700404788 /* XCTest.framework in Frameworks */,
				C9F96733192DAE1700404788 /* UIKit.framework in Frameworks */,
				C9F96732192DAE1700404788 /* Foundation.framework in Frameworks */,
			);
			runOnlyForDeploymentPostprocessing = 0;
		};
/* End PBXFrameworksBuildPhase section */

/* Begin PBXGroup section */
		C9F96702192DAE1700404788 = {
			isa = PBXGroup;
			children = (
				C9F96714192DAE1700404788 /* Tutorial - UI */,
				C9F96736192DAE1700404788 /* Tutorial - UITests */,
				C9F9670D192DAE1700404788 /* Frameworks */,
				C9F9670C192DAE1700404788 /* Products */,
			);
			sourceTree = "<group>";
		};
		C9F9670C192DAE1700404788 /* Products */ = {
			isa = PBXGroup;
			children = (
				C9F9670B192DAE1700404788 /* Tutorial - UI.app */,
				C9F9672F192DAE1700404788 /* Tutorial - UITests.xctest */,
			);
			name = Products;
			sourceTree = "<group>";
		};
		C9F9670D192DAE1700404788 /* Frameworks */ = {
			isa = PBXGroup;
			children = (
				C9F9670E192DAE1700404788 /* Foundation.framework */,
				C9F96710192DAE1700404788 /* CoreGraphics.framework */,
				C9F96712192DAE1700404788 /* UIKit.framework */,
				C9F96730192DAE1700404788 /* XCTest.framework */,
			);
			name = Frameworks;
			sourceTree = "<group>";
		};
		C9F96714192DAE1700404788 /* Tutorial - UI */ = {
			isa = PBXGroup;
			children = (
				C9F9671D192DAE1700404788 /* AppDelegate.h */,
				C9F9671E192DAE1700404788 /* AppDelegate.m */,
				C9F96720192DAE1700404788 /* Main.storyboard */,
				C9F96723192DAE1700404788 /* MasterViewController.h */,
				C9F96724192DAE1700404788 /* MasterViewController.m */,
				C9F96726192DAE1700404788 /* DetailViewController.h */,
				C9F96727192DAE1700404788 /* DetailViewController.m */,
				C9F96729192DAE1700404788 /* Images.xcassets */,
				C9F96715192DAE1700404788 /* Supporting Files */,
			);
			path = "Tutorial - UI";
			sourceTree = "<group>";
		};
		C9F96715192DAE1700404788 /* Supporting Files */ = {
			isa = PBXGroup;
			children = (
				C9F96716192DAE1700404788 /* Tutorial - UI-Info.plist */,
				C9F96717192DAE1700404788 /* InfoPlist.strings */,
				C9F9671A192DAE1700404788 /* main.m */,
				C9F9671C192DAE1700404788 /* Tutorial - UI-Prefix.pch */,
			);
			name = "Supporting Files";
			sourceTree = "<group>";
		};
		C9F96736192DAE1700404788 /* Tutorial - UITests */ = {
			isa = PBXGroup;
			children = (
				C9F9673C192DAE1700404788 /* Tutorial___UITests.m */,
				C9F96737192DAE1700404788 /* Supporting Files */,
			);
			path = "Tutorial - UITests";
			sourceTree = "<group>";
		};
		C9F96737192DAE1700404788 /* Supporting Files */ = {
			isa = PBXGroup;
			children = (
				C9F96738192DAE1700404788 /* Tutorial - UITests-Info.plist */,
				C9F96739192DAE1700404788 /* InfoPlist.strings */,
			);
			name = "Supporting Files";
			sourceTree = "<group>";
		};
/* End PBXGroup section */

/* Begin PBXNativeTarget section */
		C9F9670A192DAE1700404788 /* Tutorial - UI */ = {
			isa = PBXNativeTarget;
			buildConfigurationList = C9F96740192DAE1700404788 /* Build configuration list for PBXNativeTarget "Tutorial - UI" */;
			buildPhases = (
				C9F96707192DAE1700404788 /* Sources */,
				C9F96708192DAE1700404788 /* Frameworks */,
				C9F96709192DAE1700404788 /* Resources */,
			);
			buildRules = (
			);
			dependencies = (
			);
			name = "Tutorial - UI";
			productName = "Tutorial - UI";
			productReference = C9F9670B192DAE1700404788 /* Tutorial - UI.app */;
			productType = "com.apple.product-type.application";
		};
		C9F9672E192DAE1700404788 /* Tutorial - UITests */ = {
			isa = PBXNativeTarget;
			buildConfigurationList = C9F96743192DAE1700404788 /* Build configuration list for PBXNativeTarget "Tutorial - UITests" */;
			buildPhases = (
				C9F9672B192DAE1700404788 /* Sources */,
				C9F9672C192DAE1700404788 /* Frameworks */,
				C9F9672D192DAE1700404788 /* Resources */,
			);
			buildRules = (
			);
			dependencies = (
				C9F96735192DAE1700404788 /* PBXTargetDependency */,
			);
			name = "Tutorial - UITests";
			productName = "Tutorial - UITests";
			productReference = C9F9672F192DAE1700404788 /* Tutorial - UITests.xctest */;
			productType = "com.apple.product-type.bundle.unit-test";
		};
/* End PBXNativeTarget section */

/* Begin PBXProject section */
		C9F96703192DAE1700404788 /* Project object */ = {
			isa = PBXProject;
			attributes = {
				LastUpgradeCheck = 0510;
				ORGANIZATIONNAME = "Logiciel Solutions";
				TargetAttributes = {
					C9F9672E192DAE1700404788 = {
						TestTargetID = C9F9670A192DAE1700404788;
					};
				};
			};
			buildConfigurationList = C9F96706192DAE1700404788 /* Build configuration list for PBXProject "Tutorial - UI" */;
			compatibilityVersion = "Xcode 3.2";
			developmentRegion = English;
			hasScannedForEncodings = 0;
			knownRegions = (
				en,
				Base,
			);
			mainGroup = C9F96702192DAE1700404788;
			productRefGroup = C9F9670C192DAE1700404788 /* Products */;
			projectDirPath = "";
			projectRoot = "";
			targets = (
				C9F9670A192DAE1700404788 /* Tutorial - UI */,
				C9F9672E192DAE1700404788 /* Tutorial - UITests */,
			);
		};
/* End PBXProject section */

/* Begin PBXResourcesBuildPhase section */
		C9F96709192DAE1700404788 /* Resources */ = {
			isa = PBXResourcesBuildPhase;
			buildActionMask = 2147483647;
			files = (
				C9F9672A192DAE1700404788 /* Images.xcassets in Resources */,
				C9F96719192DAE1700404788 /* InfoPlist.strings in Resources */,
				C9F96722192DAE1700404788 /* Main.storyboard in Resources */,
			);
			runOnlyForDeploymentPostprocessing = 0;
		};
		C9F9672D192DAE1700404788 /* Resources */ = {
			isa = PBXResourcesBuildPhase;
			buildActionMask = 2147483647;
			files = (
				C9F9673B192DAE1700404788 /* InfoPlist.strings in Resources */,
			);
			runOnlyForDeploymentPostprocessing = 0;
		};
/* End PBXResourcesBuildPhase section */

/* Begin PBXSourcesBuildPhase section */
		C9F96707192DAE1700404788 /* Sources */ = {
			isa = PBXSourcesBuildPhase;
			buildActionMask = 2147483647;
			files = (
				C9F9671F192DAE1700404788 /* AppDelegate.m in Sources */,
				C9F96725192DAE1700404788 /* MasterViewController.m in Sources */,
				C9F9671B192DAE1700404788 /* main.m in Sources */,
				C9F96728192DAE1700404788 /* DetailViewController.m in Sources */,
			);
			runOnlyForDeploymentPostprocessing = 0;
		};
		C9F9672B192DAE1700404788 /* Sources */ = {
			isa = PBXSourcesBuildPhase;
			buildActionMask = 2147483647;
			files = (
				C9F9673D192DAE1700404788 /* Tutorial___UITests.m in Sources */,
			);
			runOnlyForDeploymentPostprocessing = 0;
		};
/* End PBXSourcesBuildPhase section */

/* Begin PBXTargetDependency section */
		C9F96735192DAE1700404788 /* PBXTargetDependency */ = {
			isa = PBXTargetDependency;
			target = C9F9670A192DAE1700404788 /* Tutorial - UI */;
			targetProxy = C9F96734192DAE1700404788 /* PBXContainerItemProxy */;
		};
/* End PBXTargetDependency section */

/* Begin PBXVariantGroup section */
		C9F96717192DAE1700404788 /* InfoPlist.strings */ = {
			isa = PBXVariantGroup;
			children = (
				C9F96718192DAE1700404788 /* en */,
			);
			name = InfoPlist.strings;
			sourceTree = "<group>";
		};
		C9F96720192DAE1700404788 /* Main.storyboard */ = {
			isa = PBXVariantGroup;
			children = (
				C9F96721192DAE1700404788 /* Base */,
			);
			name = Main.storyboard;
			sourceTree = "<group>";
		};
		C9F96739192DAE1700404788 /* InfoPlist.strings */ = {
			isa = PBXVariantGroup;
			children = (
				C9F9673A192DAE1700404788 /* en */,
			);
			name = InfoPlist.strings;
			sourceTree = "<group>";
		};
/* End PBXVariantGroup section */

/* Begin XCBuildConfiguration section */
		C9F9673E192DAE1700404788 /* Debug */ = {
			isa = XCBuildConfiguration;
			buildSettings = {
				ALWAYS_SEARCH_USER_PATHS = NO;
				CLANG_CXX_LANGUAGE_STANDARD = "gnu++0x";
				CLANG_CXX_LIBRARY = "libc++";
				CLANG_ENABLE_MODULES = YES;
				CLANG_ENABLE_OBJC_ARC = YES;
				CLANG_WARN_BOOL_CONVERSION = YES;
				CLANG_WARN_CONSTANT_CONVERSION = YES;
				CLANG_WARN_DIRECT_OBJC_ISA_USAGE = YES_ERROR;
				CLANG_WARN_EMPTY_BODY = YES;
				CLANG_WARN_ENUM_CONVERSION = YES;
				CLANG_WARN_INT_CONVERSION = YES;
				CLANG_WARN_OBJC_ROOT_CLASS = YES_ERROR;
				CLANG_WARN__DUPLICATE_METHOD_MATCH = YES;
				"CODE_SIGN_IDENTITY[sdk=iphoneos*]" = "iPhone Developer";
				COPY_PHASE_STRIP = NO;
				GCC_C_LANGUAGE_STANDARD = gnu99;
				GCC_DYNAMIC_NO_PIC = NO;
				GCC_OPTIMIZATION_LEVEL = 0;
				GCC_PREPROCESSOR_DEFINITIONS = (
					"DEBUG=1",
					"$(inherited)",
				);
				GCC_SYMBOLS_PRIVATE_EXTERN = NO;
				GCC_WARN_64_TO_32_BIT_CONVERSION = YES;
				GCC_WARN_ABOUT_RETURN_TYPE = YES_ERROR;
				GCC_WARN_UNDECLARED_SELECTOR = YES;
				GCC_WARN_UNINITIALIZED_AUTOS = YES_AGGRESSIVE;
				GCC_WARN_UNUSED_FUNCTION = YES;
				GCC_WARN_UNUSED_VARIABLE = YES;
				IPHONEOS_DEPLOYMENT_TARGET = 7.1;
				ONLY_ACTIVE_ARCH = YES;
				SDKROOT = iphoneos;
			};
			name = Debug;
		};
		C9F9673F192DAE1700404788 /* Release */ = {
			isa = XCBuildConfiguration;
			buildSettings = {
				ALWAYS_SEARCH_USER_PATHS = NO;
				CLANG_CXX_LANGUAGE_STANDARD = "gnu++0x";
				CLANG_CXX_LIBRARY = "libc++";
				CLANG_ENABLE_MODULES = YES;
				CLANG_ENABLE_OBJC_ARC = YES;
				CLANG_WARN_BOOL_CONVERSION = YES;
				CLANG_WARN_CONSTANT_CONVERSION = YES;
				CLANG_WARN_DIRECT_OBJC_ISA_USAGE = YES_ERROR;
				CLANG_WARN_EMPTY_BODY = YES;
				CLANG_WARN_ENUM_CONVERSION = YES;
				CLANG_WARN_INT_CONVERSION = YES;
				CLANG_WARN_OBJC_ROOT_CLASS = YES_ERROR;
				CLANG_WARN__DUPLICATE_METHOD_MATCH = YES;
				"CODE_SIGN_IDENTITY[sdk=iphoneos*]" = "iPhone Developer";
				COPY_PHASE_STRIP = YES;
				ENABLE_NS_ASSERTIONS = NO;
				GCC_C_LANGUAGE_STANDARD = gnu99;
				GCC_WARN_64_TO_32_BIT_CONVERSION = YES;
				GCC_WARN_ABOUT_RETURN_TYPE = YES_ERROR;
				GCC_WARN_UNDECLARED_SELECTOR = YES;
				GCC_WARN_UNINITIALIZED_AUTOS = YES_AGGRESSIVE;
				GCC_WARN_UNUSED_FUNCTION = YES;
				GCC_WARN_UNUSED_VARIABLE = YES;
				IPHONEOS_DEPLOYMENT_TARGET = 7.1;
				SDKROOT = iphoneos;
				VALIDATE_PRODUCT = YES;
			};
			name = Release;
		};
		C9F96741192DAE1700404788 /* Debug */ = {
			isa = XCBuildConfiguration;
			buildSettings = {
				ASSETCATALOG_COMPILER_APPICON_NAME = AppIcon;
				ASSETCATALOG_COMPILER_LAUNCHIMAGE_NAME = LaunchImage;
				GCC_PRECOMPILE_PREFIX_HEADER = YES;
				GCC_PREFIX_HEADER = "Tutorial - UI/Tutorial - UI-Prefix.pch";
				INFOPLIST_FILE = "Tutorial - UI/Tutorial - UI-Info.plist";
				PRODUCT_NAME = "$(TARGET_NAME)";
				WRAPPER_EXTENSION = app;
			};
			name = Debug;
		};
		C9F96742192DAE1700404788 /* Release */ = {
			isa = XCBuildConfiguration;
			buildSettings = {
				ASSETCATALOG_COMPILER_APPICON_NAME = AppIcon;
				ASSETCATALOG_COMPILER_LAUNCHIMAGE_NAME = LaunchImage;
				GCC_PRECOMPILE_PREFIX_HEADER = YES;
				GCC_PREFIX_HEADER = "Tutorial - UI/Tutorial - UI-Prefix.pch";
				INFOPLIST_FILE = "Tutorial - UI/Tutorial - UI-Info.plist";
				PRODUCT_NAME = "$(TARGET_NAME)";
				WRAPPER_EXTENSION = app;
			};
			name = Release;
		};
		C9F96744192DAE1700404788 /* Debug */ = {
			isa = XCBuildConfiguration;
			buildSettings = {
				BUNDLE_LOADER = "$(BUILT_PRODUCTS_DIR)/Tutorial - UI.app/Tutorial - UI";
				FRAMEWORK_SEARCH_PATHS = (
					"$(SDKROOT)/Developer/Library/Frameworks",
					"$(inherited)",
					"$(DEVELOPER_FRAMEWORKS_DIR)",
				);
				GCC_PRECOMPILE_PREFIX_HEADER = YES;
				GCC_PREFIX_HEADER = "Tutorial - UI/Tutorial - UI-Prefix.pch";
				GCC_PREPROCESSOR_DEFINITIONS = (
					"DEBUG=1",
					"$(inherited)",
				);
				INFOPLIST_FILE = "Tutorial - UITests/Tutorial - UITests-Info.plist";
				PRODUCT_NAME = "$(TARGET_NAME)";
				TEST_HOST = "$(BUNDLE_LOADER)";
				WRAPPER_EXTENSION = xctest;
			};
			name = Debug;
		};
		C9F96745192DAE1700404788 /* Release */ = {
			isa = XCBuildConfiguration;
			buildSettings = {
				BUNDLE_LOADER = "$(BUILT_PRODUCTS_DIR)/Tutorial - UI.app/Tutorial - UI";
				FRAMEWORK_SEARCH_PATHS = (
					"$(SDKROOT)/Developer/Library/Frameworks",
					"$(inherited)",
					"$(DEVELOPER_FRAMEWORKS_DIR)",
				);
				GCC_PRECOMPILE_PREFIX_HEADER = YES;
				GCC_PREFIX_HEADER = "Tutorial - UI/Tutorial - UI-Prefix.pch";
				INFOPLIST_FILE = "Tutorial - UITests/Tutorial - UITests-Info.plist";
				PRODUCT_NAME = "$(TARGET_NAME)";
				TEST_HOST = "$(BUNDLE_LOADER)";
				WRAPPER_EXTENSION = xctest;
			};
			name = Release;
		};
/* End XCBuildConfiguration section */

/* Begin XCConfigurationList section */
		C9F96706192DAE1700404788 /* Build configuration list for PBXProject "Tutorial - UI" */ = {
			isa = XCConfigurationList;
			buildConfigurations = (
				C9F9673E192DAE1700404788 /* Debug */,
				C9F9673F192DAE1700404788 /* Release */,
			);
			defaultConfigurationIsVisible = 0;
			defaultConfigurationName = Release;
		};
		C9F96740192DAE1700404788 /* Build configuration list for PBXNativeTarget "Tutorial - UI" */ = {
			isa = XCConfigurationList;
			buildConfigurations = (
				C9F96741192DAE1700404788 /* Debug */,
				C9F96742192DAE1700404788 /* Release */,
			);
			defaultConfigurationIsVisible = 0;
		};
		C9F96743192DAE1700404788 /* Build configuration list for PBXNativeTarget "Tutorial - UITests" */ = {
			isa = XCConfigurationList;
			buildConfigurations = (
				C9F96744192DAE1700404788 /* Debug */,
				C9F96745192DAE1700404788 /* Release */,
			);
			defaultConfigurationIsVisible = 0;
		};
/* End XCConfigurationList section */
	};
	rootObject = C9F96703192DAE1700404788 /* Project object */;
}
