// !$*UTF8*$!
{
	archiveVersion = 1;
	classes = {
	};
	objectVersion = 46;
	objects = {

/* Begin PBXBuildFile section */
		C9F6C7631925B94C00747032 /* Foundation.framework in Frameworks */ = {isa = PBXBuildFile; fileRef = C9F6C7621925B94C00747032 /* Foundation.framework */; };
		C9F6C7651925B94C00747032 /* CoreGraphics.framework in Frameworks */ = {isa = PBXBuildFile; fileRef = C9F6C7641925B94C00747032 /* CoreGraphics.framework */; };
		C9F6C7671925B94C00747032 /* UIKit.framework in Frameworks */ = {isa = PBXBuildFile; fileRef = C9F6C7661925B94C00747032 /* UIKit.framework */; };
		C9F6C76D1925B94C00747032 /* InfoPlist.strings in Resources */ = {isa = PBXBuildFile; fileRef = C9F6C76B1925B94C00747032 /* InfoPlist.strings */; };
		C9F6C76F1925B94C00747032 /* main.m in Sources */ = {isa = PBXBuildFile; fileRef = C9F6C76E1925B94C00747032 /* main.m */; };
		C9F6C7731925B94C00747032 /* AppDelegate.m in Sources */ = {isa = PBXBuildFile; fileRef = C9F6C7721925B94C00747032 /* AppDelegate.m */; };
		C9F6C7761925B94C00747032 /* Main.storyboard in Resources */ = {isa = PBXBuildFile; fileRef = C9F6C7741925B94C00747032 /* Main.storyboard */; };
		C9F6C7791925B94C00747032 /* ViewController.m in Sources */ = {isa = PBXBuildFile; fileRef = C9F6C7781925B94C00747032 /* ViewController.m */; };
		C9F6C77B1925B94C00747032 /* Images.xcassets in Resources */ = {isa = PBXBuildFile; fileRef = C9F6C77A1925B94C00747032 /* Images.xcassets */; };
		C9F6C7821925B94C00747032 /* XCTest.framework in Frameworks */ = {isa = PBXBuildFile; fileRef = C9F6C7811925B94C00747032 /* XCTest.framework */; };
		C9F6C7831925B94C00747032 /* Foundation.framework in Frameworks */ = {isa = PBXBuildFile; fileRef = C9F6C7621925B94C00747032 /* Foundation.framework */; };
		C9F6C7841925B94C00747032 /* UIKit.framework in Frameworks */ = {isa = PBXBuildFile; fileRef = C9F6C7661925B94C00747032 /* UIKit.framework */; };
		C9F6C78C1925B94C00747032 /* InfoPlist.strings in Resources */ = {isa = PBXBuildFile; fileRef = C9F6C78A1925B94C00747032 /* InfoPlist.strings */; };
		C9F6C78E1925B94C00747032 /* Tutorial___Database_InteractionTests.m in Sources */ = {isa = PBXBuildFile; fileRef = C9F6C78D1925B94C00747032 /* Tutorial___Database_InteractionTests.m */; };
/* End PBXBuildFile section */

/* Begin PBXContainerItemProxy section */
		C9F6C7851925B94C00747032 /* PBXContainerItemProxy */ = {
			isa = PBXContainerItemProxy;
			containerPortal = C9F6C7571925B94C00747032 /* Project object */;
			proxyType = 1;
			remoteGlobalIDString = C9F6C75E1925B94C00747032;
			remoteInfo = "Tutorial - Database Interaction";
		};
/* End PBXContainerItemProxy section */

/* Begin PBXFileReference section */
		C9F6C75F1925B94C00747032 /* Tutorial - Database Interaction.app */ = {isa = PBXFileReference; explicitFileType = wrapper.application; includeInIndex = 0; path = "Tutorial - Database Interaction.app"; sourceTree = BUILT_PRODUCTS_DIR; };
		C9F6C7621925B94C00747032 /* Foundation.framework */ = {isa = PBXFileReference; lastKnownFileType = wrapper.framework; name = Foundation.framework; path = System/Library/Frameworks/Foundation.framework; sourceTree = SDKROOT; };
		C9F6C7641925B94C00747032 /* CoreGraphics.framework */ = {isa = PBXFileReference; lastKnownFileType = wrapper.framework; name = CoreGraphics.framework; path = System/Library/Frameworks/CoreGraphics.framework; sourceTree = SDKROOT; };
		C9F6C7661925B94C00747032 /* UIKit.framework */ = {isa = PBXFileReference; lastKnownFileType = wrapper.framework; name = UIKit.framework; path = System/Library/Frameworks/UIKit.framework; sourceTree = SDKROOT; };
		C9F6C76A1925B94C00747032 /* Tutorial - Database Interaction-Info.plist */ = {isa = PBXFileReference; lastKnownFileType = text.plist.xml; path = "Tutorial - Database Interaction-Info.plist"; sourceTree = "<group>"; };
		C9F6C76C1925B94C00747032 /* en */ = {isa = PBXFileReference; lastKnownFileType = text.plist.strings; name = en; path = en.lproj/InfoPlist.strings; sourceTree = "<group>"; };
		C9F6C76E1925B94C00747032 /* main.m */ = {isa = PBXFileReference; lastKnownFileType = sourcecode.c.objc; path = main.m; sourceTree = "<group>"; };
		C9F6C7701925B94C00747032 /* Tutorial - Database Interaction-Prefix.pch */ = {isa = PBXFileReference; lastKnownFileType = sourcecode.c.h; path = "Tutorial - Database Interaction-Prefix.pch"; sourceTree = "<group>"; };
		C9F6C7711925B94C00747032 /* AppDelegate.h */ = {isa = PBXFileReference; lastKnownFileType = sourcecode.c.h; path = AppDelegate.h; sourceTree = "<group>"; };
		C9F6C7721925B94C00747032 /* AppDelegate.m */ = {isa = PBXFileReference; lastKnownFileType = sourcecode.c.objc; path = AppDelegate.m; sourceTree = "<group>"; };
		C9F6C7751925B94C00747032 /* Base */ = {isa = PBXFileReference; lastKnownFileType = file.storyboard; name = Base; path = Base.lproj/Main.storyboard; sourceTree = "<group>"; };
		C9F6C7771925B94C00747032 /* ViewController.h */ = {isa = PBXFileReference; lastKnownFileType = sourcecode.c.h; path = ViewController.h; sourceTree = "<group>"; };
		C9F6C7781925B94C00747032 /* ViewController.m */ = {isa = PBXFileReference; lastKnownFileType = sourcecode.c.objc; path = ViewController.m; sourceTree = "<group>"; };
		C9F6C77A1925B94C00747032 /* Images.xcassets */ = {isa = PBXFileReference; lastKnownFileType = folder.assetcatalog; path = Images.xcassets; sourceTree = "<group>"; };
		C9F6C7801925B94C00747032 /* Tutorial - Database InteractionTests.xctest */ = {isa = PBXFileReference; explicitFileType = wrapper.cfbundle; includeInIndex = 0; path = "Tutorial - Database InteractionTests.xctest"; sourceTree = BUILT_PRODUCTS_DIR; };
		C9F6C7811925B94C00747032 /* XCTest.framework */ = {isa = PBXFileReference; lastKnownFileType = wrapper.framework; name = XCTest.framework; path = Library/Frameworks/XCTest.framework; sourceTree = DEVELOPER_DIR; };
		C9F6C7891925B94C00747032 /* Tutorial - Database InteractionTests-Info.plist */ = {isa = PBXFileReference; lastKnownFileType = text.plist.xml; path = "Tutorial - Database InteractionTests-Info.plist"; sourceTree = "<group>"; };
		C9F6C78B1925B94C00747032 /* en */ = {isa = PBXFileReference; lastKnownFileType = text.plist.strings; name = en; path = en.lproj/InfoPlist.strings; sourceTree = "<group>"; };
		C9F6C78D1925B94C00747032 /* Tutorial___Database_InteractionTests.m */ = {isa = PBXFileReference; lastKnownFileType = sourcecode.c.objc; path = "Tutorial___Database_InteractionTests.m"; sourceTree = "<group>"; };
/* End PBXFileReference section */

/* Begin PBXFrameworksBuildPhase section */
		C9F6C75C1925B94C00747032 /* Frameworks */ = {
			isa = PBXFrameworksBuildPhase;
			buildActionMask = 2147483647;
			files = (
				C9F6C7651925B94C00747032 /* CoreGraphics.framework in Frameworks */,
				C9F6C7671925B94C00747032 /* UIKit.framework in Frameworks */,
				C9F6C7631925B94C00747032 /* Foundation.framework in Frameworks */,
			);
			runOnlyForDeploymentPostprocessing = 0;
		};
		C9F6C77D1925B94C00747032 /* Frameworks */ = {
			isa = PBXFrameworksBuildPhase;
			buildActionMask = 2147483647;
			files = (
				C9F6C7821925B94C00747032 /* XCTest.framework in Frameworks */,
				C9F6C7841925B94C00747032 /* UIKit.framework in Frameworks */,
				C9F6C7831925B94C00747032 /* Foundation.framework in Frameworks */,
			);
			runOnlyForDeploymentPostprocessing = 0;
		};
/* End PBXFrameworksBuildPhase section */

/* Begin PBXGroup section */
		C9F6C7561925B94C00747032 = {
			isa = PBXGroup;
			children = (
				C9F6C7681925B94C00747032 /* Tutorial - Database Interaction */,
				C9F6C7871925B94C00747032 /* Tutorial - Database InteractionTests */,
				C9F6C7611925B94C00747032 /* Frameworks */,
				C9F6C7601925B94C00747032 /* Products */,
			);
			sourceTree = "<group>";
		};
		C9F6C7601925B94C00747032 /* Products */ = {
			isa = PBXGroup;
			children = (
				C9F6C75F1925B94C00747032 /* Tutorial - Database Interaction.app */,
				C9F6C7801925B94C00747032 /* Tutorial - Database InteractionTests.xctest */,
			);
			name = Products;
			sourceTree = "<group>";
		};
		C9F6C7611925B94C00747032 /* Frameworks */ = {
			isa = PBXGroup;
			children = (
				C9F6C7621925B94C00747032 /* Foundation.framework */,
				C9F6C7641925B94C00747032 /* CoreGraphics.framework */,
				C9F6C7661925B94C00747032 /* UIKit.framework */,
				C9F6C7811925B94C00747032 /* XCTest.framework */,
			);
			name = Frameworks;
			sourceTree = "<group>";
		};
		C9F6C7681925B94C00747032 /* Tutorial - Database Interaction */ = {
			isa = PBXGroup;
			children = (
				C9F6C7711925B94C00747032 /* AppDelegate.h */,
				C9F6C7721925B94C00747032 /* AppDelegate.m */,
				C9F6C7741925B94C00747032 /* Main.storyboard */,
				C9F6C7771925B94C00747032 /* ViewController.h */,
				C9F6C7781925B94C00747032 /* ViewController.m */,
				C9F6C77A1925B94C00747032 /* Images.xcassets */,
				C9F6C7691925B94C00747032 /* Supporting Files */,
			);
			path = "Tutorial - Database Interaction";
			sourceTree = "<group>";
		};
		C9F6C7691925B94C00747032 /* Supporting Files */ = {
			isa = PBXGroup;
			children = (
				C9F6C76A1925B94C00747032 /* Tutorial - Database Interaction-Info.plist */,
				C9F6C76B1925B94C00747032 /* InfoPlist.strings */,
				C9F6C76E1925B94C00747032 /* main.m */,
				C9F6C7701925B94C00747032 /* Tutorial - Database Interaction-Prefix.pch */,
			);
			name = "Supporting Files";
			sourceTree = "<group>";
		};
		C9F6C7871925B94C00747032 /* Tutorial - Database InteractionTests */ = {
			isa = PBXGroup;
			children = (
				C9F6C78D1925B94C00747032 /* Tutorial___Database_InteractionTests.m */,
				C9F6C7881925B94C00747032 /* Supporting Files */,
			);
			path = "Tutorial - Database InteractionTests";
			sourceTree = "<group>";
		};
		C9F6C7881925B94C00747032 /* Supporting Files */ = {
			isa = PBXGroup;
			children = (
				C9F6C7891925B94C00747032 /* Tutorial - Database InteractionTests-Info.plist */,
				C9F6C78A1925B94C00747032 /* InfoPlist.strings */,
			);
			name = "Supporting Files";
			sourceTree = "<group>";
		};
/* End PBXGroup section */

/* Begin PBXNativeTarget section */
		C9F6C75E1925B94C00747032 /* Tutorial - Database Interaction */ = {
			isa = PBXNativeTarget;
			buildConfigurationList = C9F6C7911925B94C00747032 /* Build configuration list for PBXNativeTarget "Tutorial - Database Interaction" */;
			buildPhases = (
				C9F6C75B1925B94C00747032 /* Sources */,
				C9F6C75C1925B94C00747032 /* Frameworks */,
				C9F6C75D1925B94C00747032 /* Resources */,
			);
			buildRules = (
			);
			dependencies = (
			);
			name = "Tutorial - Database Interaction";
			productName = "Tutorial - Database Interaction";
			productReference = C9F6C75F1925B94C00747032 /* Tutorial - Database Interaction.app */;
			productType = "com.apple.product-type.application";
		};
		C9F6C77F1925B94C00747032 /* Tutorial - Database InteractionTests */ = {
			isa = PBXNativeTarget;
			buildConfigurationList = C9F6C7941925B94C00747032 /* Build configuration list for PBXNativeTarget "Tutorial - Database InteractionTests" */;
			buildPhases = (
				C9F6C77C1925B94C00747032 /* Sources */,
				C9F6C77D1925B94C00747032 /* Frameworks */,
				C9F6C77E1925B94C00747032 /* Resources */,
			);
			buildRules = (
			);
			dependencies = (
				C9F6C7861925B94C00747032 /* PBXTargetDependency */,
			);
			name = "Tutorial - Database InteractionTests";
			productName = "Tutorial - Database InteractionTests";
			productReference = C9F6C7801925B94C00747032 /* Tutorial - Database InteractionTests.xctest */;
			productType = "com.apple.product-type.bundle.unit-test";
		};
/* End PBXNativeTarget section */

/* Begin PBXProject section */
		C9F6C7571925B94C00747032 /* Project object */ = {
			isa = PBXProject;
			attributes = {
				LastUpgradeCheck = 0510;
				ORGANIZATIONNAME = "Logiciel Solutions";
				TargetAttributes = {
					C9F6C77F1925B94C00747032 = {
						TestTargetID = C9F6C75E1925B94C00747032;
					};
				};
			};
			buildConfigurationList = C9F6C75A1925B94C00747032 /* Build configuration list for PBXProject "Tutorial - Database Interaction" */;
			compatibilityVersion = "Xcode 3.2";
			developmentRegion = English;
			hasScannedForEncodings = 0;
			knownRegions = (
				en,
				Base,
			);
			mainGroup = C9F6C7561925B94C00747032;
			productRefGroup = C9F6C7601925B94C00747032 /* Products */;
			projectDirPath = "";
			projectRoot = "";
			targets = (
				C9F6C75E1925B94C00747032 /* Tutorial - Database Interaction */,
				C9F6C77F1925B94C00747032 /* Tutorial - Database InteractionTests */,
			);
		};
/* End PBXProject section */

/* Begin PBXResourcesBuildPhase section */
		C9F6C75D1925B94C00747032 /* Resources */ = {
			isa = PBXResourcesBuildPhase;
			buildActionMask = 2147483647;
			files = (
				C9F6C77B1925B94C00747032 /* Images.xcassets in Resources */,
				C9F6C76D1925B94C00747032 /* InfoPlist.strings in Resources */,
				C9F6C7761925B94C00747032 /* Main.storyboard in Resources */,
			);
			runOnlyForDeploymentPostprocessing = 0;
		};
		C9F6C77E1925B94C00747032 /* Resources */ = {
			isa = PBXResourcesBuildPhase;
			buildActionMask = 2147483647;
			files = (
				C9F6C78C1925B94C00747032 /* InfoPlist.strings in Resources */,
			);
			runOnlyForDeploymentPostprocessing = 0;
		};
/* End PBXResourcesBuildPhase section */

/* Begin PBXSourcesBuildPhase section */
		C9F6C75B1925B94C00747032 /* Sources */ = {
			isa = PBXSourcesBuildPhase;
			buildActionMask = 2147483647;
			files = (
				C9F6C7791925B94C00747032 /* ViewController.m in Sources */,
				C9F6C7731925B94C00747032 /* AppDelegate.m in Sources */,
				C9F6C76F1925B94C00747032 /* main.m in Sources */,
			);
			runOnlyForDeploymentPostprocessing = 0;
		};
		C9F6C77C1925B94C00747032 /* Sources */ = {
			isa = PBXSourcesBuildPhase;
			buildActionMask = 2147483647;
			files = (
				C9F6C78E1925B94C00747032 /* Tutorial___Database_InteractionTests.m in Sources */,
			);
			runOnlyForDeploymentPostprocessing = 0;
		};
/* End PBXSourcesBuildPhase section */

/* Begin PBXTargetDependency section */
		C9F6C7861925B94C00747032 /* PBXTargetDependency */ = {
			isa = PBXTargetDependency;
			target = C9F6C75E1925B94C00747032 /* Tutorial - Database Interaction */;
			targetProxy = C9F6C7851925B94C00747032 /* PBXContainerItemProxy */;
		};
/* End PBXTargetDependency section */

/* Begin PBXVariantGroup section */
		C9F6C76B1925B94C00747032 /* InfoPlist.strings */ = {
			isa = PBXVariantGroup;
			children = (
				C9F6C76C1925B94C00747032 /* en */,
			);
			name = InfoPlist.strings;
			sourceTree = "<group>";
		};
		C9F6C7741925B94C00747032 /* Main.storyboard */ = {
			isa = PBXVariantGroup;
			children = (
				C9F6C7751925B94C00747032 /* Base */,
			);
			name = Main.storyboard;
			sourceTree = "<group>";
		};
		C9F6C78A1925B94C00747032 /* InfoPlist.strings */ = {
			isa = PBXVariantGroup;
			children = (
				C9F6C78B1925B94C00747032 /* en */,
			);
			name = InfoPlist.strings;
			sourceTree = "<group>";
		};
/* End PBXVariantGroup section */

/* Begin XCBuildConfiguration section */
		C9F6C78F1925B94C00747032 /* Debug */ = {
			isa = XCBuildConfiguration;
			buildSettings = {
				ALWAYS_SEARCH_USER_PATHS = NO;
				CLANG_CXX_LANGUAGE_STANDARD = "gnu++0x";
				CLANG_CXX_LIBRARY = "libc++";
				CLANG_ENABLE_MODULES = YES;
				CLANG_ENABLE_OBJC_ARC = YES;
				CLANG_WARN_BOOL_CONVERSION = YES;
				CLANG_WARN_CONSTANT_CONVERSION = YES;
				CLANG_WARN_DIRECT_OBJC_ISA_USAGE = YES_ERROR;
				CLANG_WARN_EMPTY_BODY = YES;
				CLANG_WARN_ENUM_CONVERSION = YES;
				CLANG_WARN_INT_CONVERSION = YES;
				CLANG_WARN_OBJC_ROOT_CLASS = YES_ERROR;
				CLANG_WARN__DUPLICATE_METHOD_MATCH = YES;
				"CODE_SIGN_IDENTITY[sdk=iphoneos*]" = "iPhone Developer";
				COPY_PHASE_STRIP = NO;
				GCC_C_LANGUAGE_STANDARD = gnu99;
				GCC_DYNAMIC_NO_PIC = NO;
				GCC_OPTIMIZATION_LEVEL = 0;
				GCC_PREPROCESSOR_DEFINITIONS = (
					"DEBUG=1",
					"$(inherited)",
				);
				GCC_SYMBOLS_PRIVATE_EXTERN = NO;
				GCC_WARN_64_TO_32_BIT_CONVERSION = YES;
				GCC_WARN_ABOUT_RETURN_TYPE = YES_ERROR;
				GCC_WARN_UNDECLARED_SELECTOR = YES;
				GCC_WARN_UNINITIALIZED_AUTOS = YES_AGGRESSIVE;
				GCC_WARN_UNUSED_FUNCTION = YES;
				GCC_WARN_UNUSED_VARIABLE = YES;
				IPHONEOS_DEPLOYMENT_TARGET = 7.1;
				ONLY_ACTIVE_ARCH = YES;
				SDKROOT = iphoneos;
			};
			name = Debug;
		};
		C9F6C7901925B94C00747032 /* Release */ = {
			isa = XCBuildConfiguration;
			buildSettings = {
				ALWAYS_SEARCH_USER_PATHS = NO;
				CLANG_CXX_LANGUAGE_STANDARD = "gnu++0x";
				CLANG_CXX_LIBRARY = "libc++";
				CLANG_ENABLE_MODULES = YES;
				CLANG_ENABLE_OBJC_ARC = YES;
				CLANG_WARN_BOOL_CONVERSION = YES;
				CLANG_WARN_CONSTANT_CONVERSION = YES;
				CLANG_WARN_DIRECT_OBJC_ISA_USAGE = YES_ERROR;
				CLANG_WARN_EMPTY_BODY = YES;
				CLANG_WARN_ENUM_CONVERSION = YES;
				CLANG_WARN_INT_CONVERSION = YES;
				CLANG_WARN_OBJC_ROOT_CLASS = YES_ERROR;
				CLANG_WARN__DUPLICATE_METHOD_MATCH = YES;
				"CODE_SIGN_IDENTITY[sdk=iphoneos*]" = "iPhone Developer";
				COPY_PHASE_STRIP = YES;
				ENABLE_NS_ASSERTIONS = NO;
				GCC_C_LANGUAGE_STANDARD = gnu99;
				GCC_WARN_64_TO_32_BIT_CONVERSION = YES;
				GCC_WARN_ABOUT_RETURN_TYPE = YES_ERROR;
				GCC_WARN_UNDECLARED_SELECTOR = YES;
				GCC_WARN_UNINITIALIZED_AUTOS = YES_AGGRESSIVE;
				GCC_WARN_UNUSED_FUNCTION = YES;
				GCC_WARN_UNUSED_VARIABLE = YES;
				IPHONEOS_DEPLOYMENT_TARGET = 7.1;
				SDKROOT = iphoneos;
				VALIDATE_PRODUCT = YES;
			};
			name = Release;
		};
		C9F6C7921925B94C00747032 /* Debug */ = {
			isa = XCBuildConfiguration;
			buildSettings = {
				ASSETCATALOG_COMPILER_APPICON_NAME = AppIcon;
				ASSETCATALOG_COMPILER_LAUNCHIMAGE_NAME = LaunchImage;
				GCC_PRECOMPILE_PREFIX_HEADER = YES;
				GCC_PREFIX_HEADER = "Tutorial - Database Interaction/Tutorial - Database Interaction-Prefix.pch";
				INFOPLIST_FILE = "Tutorial - Database Interaction/Tutorial - Database Interaction-Info.plist";
				PRODUCT_NAME = "$(TARGET_NAME)";
				WRAPPER_EXTENSION = app;
			};
			name = Debug;
		};
		C9F6C7931925B94C00747032 /* Release */ = {
			isa = XCBuildConfiguration;
			buildSettings = {
				ASSETCATALOG_COMPILER_APPICON_NAME = AppIcon;
				ASSETCATALOG_COMPILER_LAUNCHIMAGE_NAME = LaunchImage;
				GCC_PRECOMPILE_PREFIX_HEADER = YES;
				GCC_PREFIX_HEADER = "Tutorial - Database Interaction/Tutorial - Database Interaction-Prefix.pch";
				INFOPLIST_FILE = "Tutorial - Database Interaction/Tutorial - Database Interaction-Info.plist";
				PRODUCT_NAME = "$(TARGET_NAME)";
				WRAPPER_EXTENSION = app;
			};
			name = Release;
		};
		C9F6C7951925B94C00747032 /* Debug */ = {
			isa = XCBuildConfiguration;
			buildSettings = {
				BUNDLE_LOADER = "$(BUILT_PRODUCTS_DIR)/Tutorial - Database Interaction.app/Tutorial - Database Interaction";
				FRAMEWORK_SEARCH_PATHS = (
					"$(SDKROOT)/Developer/Library/Frameworks",
					"$(inherited)",
					"$(DEVELOPER_FRAMEWORKS_DIR)",
				);
				GCC_PRECOMPILE_PREFIX_HEADER = YES;
				GCC_PREFIX_HEADER = "Tutorial - Database Interaction/Tutorial - Database Interaction-Prefix.pch";
				GCC_PREPROCESSOR_DEFINITIONS = (
					"DEBUG=1",
					"$(inherited)",
				);
				INFOPLIST_FILE = "Tutorial - Database InteractionTests/Tutorial - Database InteractionTests-Info.plist";
				PRODUCT_NAME = "$(TARGET_NAME)";
				TEST_HOST = "$(BUNDLE_LOADER)";
				WRAPPER_EXTENSION = xctest;
			};
			name = Debug;
		};
		C9F6C7961925B94C00747032 /* Release */ = {
			isa = XCBuildConfiguration;
			buildSettings = {
				BUNDLE_LOADER = "$(BUILT_PRODUCTS_DIR)/Tutorial - Database Interaction.app/Tutorial - Database Interaction";
				FRAMEWORK_SEARCH_PATHS = (
					"$(SDKROOT)/Developer/Library/Frameworks",
					"$(inherited)",
					"$(DEVELOPER_FRAMEWORKS_DIR)",
				);
				GCC_PRECOMPILE_PREFIX_HEADER = YES;
				GCC_PREFIX_HEADER = "Tutorial - Database Interaction/Tutorial - Database Interaction-Prefix.pch";
				INFOPLIST_FILE = "Tutorial - Database InteractionTests/Tutorial - Database InteractionTests-Info.plist";
				PRODUCT_NAME = "$(TARGET_NAME)";
				TEST_HOST = "$(BUNDLE_LOADER)";
				WRAPPER_EXTENSION = xctest;
			};
			name = Release;
		};
/* End XCBuildConfiguration section */

/* Begin XCConfigurationList section */
		C9F6C75A1925B94C00747032 /* Build configuration list for PBXProject "Tutorial - Database Interaction" */ = {
			isa = XCConfigurationList;
			buildConfigurations = (
				C9F6C78F1925B94C00747032 /* Debug */,
				C9F6C7901925B94C00747032 /* Release */,
			);
			defaultConfigurationIsVisible = 0;
			defaultConfigurationName = Release;
		};
		C9F6C7911925B94C00747032 /* Build configuration list for PBXNativeTarget "Tutorial - Database Interaction" */ = {
			isa = XCConfigurationList;
			buildConfigurations = (
				C9F6C7921925B94C00747032 /* Debug */,
				C9F6C7931925B94C00747032 /* Release */,
			);
			defaultConfigurationIsVisible = 0;
		};
		C9F6C7941925B94C00747032 /* Build configuration list for PBXNativeTarget "Tutorial - Database InteractionTests" */ = {
			isa = XCConfigurationList;
			buildConfigurations = (
				C9F6C7951925B94C00747032 /* Debug */,
				C9F6C7961925B94C00747032 /* Release */,
			);
			defaultConfigurationIsVisible = 0;
		};
/* End XCConfigurationList section */
	};
	rootObject = C9F6C7571925B94C00747032 /* Project object */;
}
